// !$*UTF8*$!
{
	archiveVersion = 1;
	classes = {
	};
	objectVersion = 56;
	objects = {

/* Begin PBXBuildFile section */
		24297BD72A3CC09700B154FD /* CloneCalculatorApp.swift in Sources */ = {isa = PBXBuildFile; fileRef = 24297BD62A3CC09700B154FD /* CloneCalculatorApp.swift */; };
		24297BD92A3CC09700B154FD /* ContentView.swift in Sources */ = {isa = PBXBuildFile; fileRef = 24297BD82A3CC09700B154FD /* ContentView.swift */; };
		24297BDB2A3CC09800B154FD /* Assets.xcassets in Resources */ = {isa = PBXBuildFile; fileRef = 24297BDA2A3CC09800B154FD /* Assets.xcassets */; };
		24297BDE2A3CC09800B154FD /* Preview Assets.xcassets in Resources */ = {isa = PBXBuildFile; fileRef = 24297BDD2A3CC09800B154FD /* Preview Assets.xcassets */; };
		24297BE82A3CC09800B154FD /* CloneCalculatorTests.swift in Sources */ = {isa = PBXBuildFile; fileRef = 24297BE72A3CC09800B154FD /* CloneCalculatorTests.swift */; };
		24297BF22A3CC09800B154FD /* CloneCalculatorUITests.swift in Sources */ = {isa = PBXBuildFile; fileRef = 24297BF12A3CC09800B154FD /* CloneCalculatorUITests.swift */; };
		24297BF42A3CC09800B154FD /* CloneCalculatorUITestsLaunchTests.swift in Sources */ = {isa = PBXBuildFile; fileRef = 24297BF32A3CC09800B154FD /* CloneCalculatorUITestsLaunchTests.swift */; };
		24297C012A3CC8D200B154FD /* CalculatorButton.swift in Sources */ = {isa = PBXBuildFile; fileRef = 24297C002A3CC8D200B154FD /* CalculatorButton.swift */; };
		247045E52A42DFC50025F5FC /* CalculatorButtonType.swift in Sources */ = {isa = PBXBuildFile; fileRef = 247045E42A42DFC50025F5FC /* CalculatorButtonType.swift */; };
		247045E72A42DFDC0025F5FC /* Operation.swift in Sources */ = {isa = PBXBuildFile; fileRef = 247045E62A42DFDC0025F5FC /* Operation.swift */; };
/* End PBXBuildFile section */

/* Begin PBXContainerItemProxy section */
		24297BE42A3CC09800B154FD /* PBXContainerItemProxy */ = {
			isa = PBXContainerItemProxy;
			containerPortal = 24297BCB2A3CC09700B154FD /* Project object */;
			proxyType = 1;
			remoteGlobalIDString = 24297BD22A3CC09700B154FD;
			remoteInfo = CloneCalculator;
		};
		24297BEE2A3CC09800B154FD /* PBXContainerItemProxy */ = {
			isa = PBXContainerItemProxy;
			containerPortal = 24297BCB2A3CC09700B154FD /* Project object */;
			proxyType = 1;
			remoteGlobalIDString = 24297BD22A3CC09700B154FD;
			remoteInfo = CloneCalculator;
		};
/* End PBXContainerItemProxy section */

/* Begin PBXFileReference section */
		24297BD32A3CC09700B154FD /* CloneCalculator.app */ = {isa = PBXFileReference; explicitFileType = wrapper.application; includeInIndex = 0; path = CloneCalculator.app; sourceTree = BUILT_PRODUCTS_DIR; };
		24297BD62A3CC09700B154FD /* CloneCalculatorApp.swift */ = {isa = PBXFileReference; lastKnownFileType = sourcecode.swift; path = CloneCalculatorApp.swift; sourceTree = "<group>"; };
		24297BD82A3CC09700B154FD /* ContentView.swift */ = {isa = PBXFileReference; lastKnownFileType = sourcecode.swift; path = ContentView.swift; sourceTree = "<group>"; };
		24297BDA2A3CC09800B154FD /* Assets.xcassets */ = {isa = PBXFileReference; lastKnownFileType = folder.assetcatalog; path = Assets.xcassets; sourceTree = "<group>"; };
		24297BDD2A3CC09800B154FD /* Preview Assets.xcassets */ = {isa = PBXFileReference; lastKnownFileType = folder.assetcatalog; path = "Preview Assets.xcassets"; sourceTree = "<group>"; };
		24297BE32A3CC09800B154FD /* CloneCalculatorTests.xctest */ = {isa = PBXFileReference; explicitFileType = wrapper.cfbundle; includeInIndex = 0; path = CloneCalculatorTests.xctest; sourceTree = BUILT_PRODUCTS_DIR; };
		24297BE72A3CC09800B154FD /* CloneCalculatorTests.swift */ = {isa = PBXFileReference; lastKnownFileType = sourcecode.swift; path = CloneCalculatorTests.swift; sourceTree = "<group>"; };
		24297BED2A3CC09800B154FD /* CloneCalculatorUITests.xctest */ = {isa = PBXFileReference; explicitFileType = wrapper.cfbundle; includeInIndex = 0; path = CloneCalculatorUITests.xctest; sourceTree = BUILT_PRODUCTS_DIR; };
		24297BF12A3CC09800B154FD /* CloneCalculatorUITests.swift */ = {isa = PBXFileReference; lastKnownFileType = sourcecode.swift; path = CloneCalculatorUITests.swift; sourceTree = "<group>"; };
		24297BF32A3CC09800B154FD /* CloneCalculatorUITestsLaunchTests.swift */ = {isa = PBXFileReference; lastKnownFileType = sourcecode.swift; path = CloneCalculatorUITestsLaunchTests.swift; sourceTree = "<group>"; };
		24297C002A3CC8D200B154FD /* CalculatorButton.swift */ = {isa = PBXFileReference; lastKnownFileType = sourcecode.swift; path = CalculatorButton.swift; sourceTree = "<group>"; };
		247045E42A42DFC50025F5FC /* CalculatorButtonType.swift */ = {isa = PBXFileReference; lastKnownFileType = sourcecode.swift; path = CalculatorButtonType.swift; sourceTree = "<group>"; };
		247045E62A42DFDC0025F5FC /* Operation.swift */ = {isa = PBXFileReference; lastKnownFileType = sourcecode.swift; path = Operation.swift; sourceTree = "<group>"; };
/* End PBXFileReference section */

/* Begin PBXFrameworksBuildPhase section */
		24297BD02A3CC09700B154FD /* Frameworks */ = {
			isa = PBXFrameworksBuildPhase;
			buildActionMask = 2147483647;
			files = (
			);
			runOnlyForDeploymentPostprocessing = 0;
		};
		24297BE02A3CC09800B154FD /* Frameworks */ = {
			isa = PBXFrameworksBuildPhase;
			buildActionMask = 2147483647;
			files = (
			);
			runOnlyForDeploymentPostprocessing = 0;
		};
		24297BEA2A3CC09800B154FD /* Frameworks */ = {
			isa = PBXFrameworksBuildPhase;
			buildActionMask = 2147483647;
			files = (
			);
			runOnlyForDeploymentPostprocessing = 0;
		};
/* End PBXFrameworksBuildPhase section */

/* Begin PBXGroup section */
		24297BCA2A3CC09700B154FD = {
			isa = PBXGroup;
			children = (
				24297BD52A3CC09700B154FD /* CloneCalculator */,
				24297BE62A3CC09800B154FD /* CloneCalculatorTests */,
				24297BF02A3CC09800B154FD /* CloneCalculatorUITests */,
				24297BD42A3CC09700B154FD /* Products */,
			);
			sourceTree = "<group>";
		};
		24297BD42A3CC09700B154FD /* Products */ = {
			isa = PBXGroup;
			children = (
				24297BD32A3CC09700B154FD /* CloneCalculator.app */,
				24297BE32A3CC09800B154FD /* CloneCalculatorTests.xctest */,
				24297BED2A3CC09800B154FD /* CloneCalculatorUITests.xctest */,
			);
			name = Products;
			sourceTree = "<group>";
		};
		24297BD52A3CC09700B154FD /* CloneCalculator */ = {
			isa = PBXGroup;
			children = (
				24297BD62A3CC09700B154FD /* CloneCalculatorApp.swift */,
				24297BD82A3CC09700B154FD /* ContentView.swift */,
				24297C002A3CC8D200B154FD /* CalculatorButton.swift */,
				247045E62A42DFDC0025F5FC /* Operation.swift */,
				247045E42A42DFC50025F5FC /* CalculatorButtonType.swift */,
				24297BDA2A3CC09800B154FD /* Assets.xcassets */,
				24297BDC2A3CC09800B154FD /* Preview Content */,
			);
			path = CloneCalculator;
			sourceTree = "<group>";
		};
		24297BDC2A3CC09800B154FD /* Preview Content */ = {
			isa = PBXGroup;
			children = (
				24297BDD2A3CC09800B154FD /* Preview Assets.xcassets */,
			);
			path = "Preview Content";
			sourceTree = "<group>";
		};
		24297BE62A3CC09800B154FD /* CloneCalculatorTests */ = {
			isa = PBXGroup;
			children = (
				24297BE72A3CC09800B154FD /* CloneCalculatorTests.swift */,
			);
			path = CloneCalculatorTests;
			sourceTree = "<group>";
		};
		24297BF02A3CC09800B154FD /* CloneCalculatorUITests */ = {
			isa = PBXGroup;
			children = (
				24297BF12A3CC09800B154FD /* CloneCalculatorUITests.swift */,
				24297BF32A3CC09800B154FD /* CloneCalculatorUITestsLaunchTests.swift */,
			);
			path = CloneCalculatorUITests;
			sourceTree = "<group>";
		};
/* End PBXGroup section */

/* Begin PBXNativeTarget section */
		24297BD22A3CC09700B154FD /* CloneCalculator */ = {
			isa = PBXNativeTarget;
			buildConfigurationList = 24297BF72A3CC09800B154FD /* Build configuration list for PBXNativeTarget "CloneCalculator" */;
			buildPhases = (
				24297BCF2A3CC09700B154FD /* Sources */,
				24297BD02A3CC09700B154FD /* Frameworks */,
				24297BD12A3CC09700B154FD /* Resources */,
			);
			buildRules = (
			);
			dependencies = (
			);
			name = CloneCalculator;
			productName = CloneCalculator;
			productReference = 24297BD32A3CC09700B154FD /* CloneCalculator.app */;
			productType = "com.apple.product-type.application";
		};
		24297BE22A3CC09800B154FD /* CloneCalculatorTests */ = {
			isa = PBXNativeTarget;
			buildConfigurationList = 24297BFA2A3CC09800B154FD /* Build configuration list for PBXNativeTarget "CloneCalculatorTests" */;
			buildPhases = (
				24297BDF2A3CC09800B154FD /* Sources */,
				24297BE02A3CC09800B154FD /* Frameworks */,
				24297BE12A3CC09800B154FD /* Resources */,
			);
			buildRules = (
			);
			dependencies = (
				24297BE52A3CC09800B154FD /* PBXTargetDependency */,
			);
			name = CloneCalculatorTests;
			productName = CloneCalculatorTests;
			productReference = 24297BE32A3CC09800B154FD /* CloneCalculatorTests.xctest */;
			productType = "com.apple.product-type.bundle.unit-test";
		};
		24297BEC2A3CC09800B154FD /* CloneCalculatorUITests */ = {
			isa = PBXNativeTarget;
			buildConfigurationList = 24297BFD2A3CC09800B154FD /* Build configuration list for PBXNativeTarget "CloneCalculatorUITests" */;
			buildPhases = (
				24297BE92A3CC09800B154FD /* Sources */,
				24297BEA2A3CC09800B154FD /* Frameworks */,
				24297BEB2A3CC09800B154FD /* Resources */,
			);
			buildRules = (
			);
			dependencies = (
				24297BEF2A3CC09800B154FD /* PBXTargetDependency */,
			);
			name = CloneCalculatorUITests;
			productName = CloneCalculatorUITests;
			productReference = 24297BED2A3CC09800B154FD /* CloneCalculatorUITests.xctest */;
			productType = "com.apple.product-type.bundle.ui-testing";
		};
/* End PBXNativeTarget section */

/* Begin PBXProject section */
		24297BCB2A3CC09700B154FD /* Project object */ = {
			isa = PBXProject;
			attributes = {
				BuildIndependentTargetsInParallel = 1;
				LastSwiftUpdateCheck = 1430;
				LastUpgradeCheck = 1430;
				TargetAttributes = {
					24297BD22A3CC09700B154FD = {
						CreatedOnToolsVersion = 14.3.1;
					};
					24297BE22A3CC09800B154FD = {
						CreatedOnToolsVersion = 14.3.1;
						TestTargetID = 24297BD22A3CC09700B154FD;
					};
					24297BEC2A3CC09800B154FD = {
						CreatedOnToolsVersion = 14.3.1;
						TestTargetID = 24297BD22A3CC09700B154FD;
					};
				};
			};
			buildConfigurationList = 24297BCE2A3CC09700B154FD /* Build configuration list for PBXProject "CloneCalculator" */;
			compatibilityVersion = "Xcode 14.0";
			developmentRegion = en;
			hasScannedForEncodings = 0;
			knownRegions = (
				en,
				Base,
			);
			mainGroup = 24297BCA2A3CC09700B154FD;
			productRefGroup = 24297BD42A3CC09700B154FD /* Products */;
			projectDirPath = "";
			projectRoot = "";
			targets = (
				24297BD22A3CC09700B154FD /* CloneCalculator */,
				24297BE22A3CC09800B154FD /* CloneCalculatorTests */,
				24297BEC2A3CC09800B154FD /* CloneCalculatorUITests */,
			);
		};
/* End PBXProject section */

/* Begin PBXResourcesBuildPhase section */
		24297BD12A3CC09700B154FD /* Resources */ = {
			isa = PBXResourcesBuildPhase;
			buildActionMask = 2147483647;
			files = (
				24297BDE2A3CC09800B154FD /* Preview Assets.xcassets in Resources */,
				24297BDB2A3CC09800B154FD /* Assets.xcassets in Resources */,
			);
			runOnlyForDeploymentPostprocessing = 0;
		};
		24297BE12A3CC09800B154FD /* Resources */ = {
			isa = PBXResourcesBuildPhase;
			buildActionMask = 2147483647;
			files = (
			);
			runOnlyForDeploymentPostprocessing = 0;
		};
		24297BEB2A3CC09800B154FD /* Resources */ = {
			isa = PBXResourcesBuildPhase;
			buildActionMask = 2147483647;
			files = (
			);
			runOnlyForDeploymentPostprocessing = 0;
		};
/* End PBXResourcesBuildPhase section */

/* Begin PBXSourcesBuildPhase section */
		24297BCF2A3CC09700B154FD /* Sources */ = {
			isa = PBXSourcesBuildPhase;
			buildActionMask = 2147483647;
			files = (
				24297BD92A3CC09700B154FD /* ContentView.swift in Sources */,
				247045E52A42DFC50025F5FC /* CalculatorButtonType.swift in Sources */,
				24297C012A3CC8D200B154FD /* CalculatorButton.swift in Sources */,
				247045E72A42DFDC0025F5FC /* Operation.swift in Sources */,
				24297BD72A3CC09700B154FD /* CloneCalculatorApp.swift in Sources */,
			);
			runOnlyForDeploymentPostprocessing = 0;
		};
		24297BDF2A3CC09800B154FD /* Sources */ = {
			isa = PBXSourcesBuildPhase;
			buildActionMask = 2147483647;
			files = (
				24297BE82A3CC09800B154FD /* CloneCalculatorTests.swift in Sources */,
			);
			runOnlyForDeploymentPostprocessing = 0;
		};
		24297BE92A3CC09800B154FD /* Sources */ = {
			isa = PBXSourcesBuildPhase;
			buildActionMask = 2147483647;
			files = (
				24297BF42A3CC09800B154FD /* CloneCalculatorUITestsLaunchTests.swift in Sources */,
				24297BF22A3CC09800B154FD /* CloneCalculatorUITests.swift in Sources */,
			);
			runOnlyForDeploymentPostprocessing = 0;
		};
/* End PBXSourcesBuildPhase section */

/* Begin PBXTargetDependency section */
		24297BE52A3CC09800B154FD /* PBXTargetDependency */ = {
			isa = PBXTargetDependency;
			target = 24297BD22A3CC09700B154FD /* CloneCalculator */;
			targetProxy = 24297BE42A3CC09800B154FD /* PBXContainerItemProxy */;
		};
		24297BEF2A3CC09800B154FD /* PBXTargetDependency */ = {
			isa = PBXTargetDependency;
			target = 24297BD22A3CC09700B154FD /* CloneCalculator */;
			targetProxy = 24297BEE2A3CC09800B154FD /* PBXContainerItemProxy */;
		};
/* End PBXTargetDependency section */

/* Begin XCBuildConfiguration section */
		24297BF52A3CC09800B154FD /* Debug */ = {
			isa = XCBuildConfiguration;
			buildSettings = {
				ALWAYS_SEARCH_USER_PATHS = NO;
				CLANG_ANALYZER_NONNULL = YES;
				CLANG_ANALYZER_NUMBER_OBJECT_CONVERSION = YES_AGGRESSIVE;
				CLANG_CXX_LANGUAGE_STANDARD = "gnu++20";
				CLANG_ENABLE_MODULES = YES;
				CLANG_ENABLE_OBJC_ARC = YES;
				CLANG_ENABLE_OBJC_WEAK = YES;
				CLANG_WARN_BLOCK_CAPTURE_AUTORELEASING = YES;
				CLANG_WARN_BOOL_CONVERSION = YES;
				CLANG_WARN_COMMA = YES;
				CLANG_WARN_CONSTANT_CONVERSION = YES;
				CLANG_WARN_DEPRECATED_OBJC_IMPLEMENTATIONS = YES;
				CLANG_WARN_DIRECT_OBJC_ISA_USAGE = YES_ERROR;
				CLANG_WARN_DOCUMENTATION_COMMENTS = YES;
				CLANG_WARN_EMPTY_BODY = YES;
				CLANG_WARN_ENUM_CONVERSION = YES;
				CLANG_WARN_INFINITE_RECURSION = YES;
				CLANG_WARN_INT_CONVERSION = YES;
				CLANG_WARN_NON_LITERAL_NULL_CONVERSION = YES;
				CLANG_WARN_OBJC_IMPLICIT_RETAIN_SELF = YES;
				CLANG_WARN_OBJC_LITERAL_CONVERSION = YES;
				CLANG_WARN_OBJC_ROOT_CLASS = YES_ERROR;
				CLANG_WARN_QUOTED_INCLUDE_IN_FRAMEWORK_HEADER = YES;
				CLANG_WARN_RANGE_LOOP_ANALYSIS = YES;
				CLANG_WARN_STRICT_PROTOTYPES = YES;
				CLANG_WARN_SUSPICIOUS_MOVE = YES;
				CLANG_WARN_UNGUARDED_AVAILABILITY = YES_AGGRESSIVE;
				CLANG_WARN_UNREACHABLE_CODE = YES;
				CLANG_WARN__DUPLICATE_METHOD_MATCH = YES;
				COPY_PHASE_STRIP = NO;
				DEBUG_INFORMATION_FORMAT = dwarf;
				ENABLE_STRICT_OBJC_MSGSEND = YES;
				ENABLE_TESTABILITY = YES;
				GCC_C_LANGUAGE_STANDARD = gnu11;
				GCC_DYNAMIC_NO_PIC = NO;
				GCC_NO_COMMON_BLOCKS = YES;
				GCC_OPTIMIZATION_LEVEL = 0;
				GCC_PREPROCESSOR_DEFINITIONS = (
					"DEBUG=1",
					"$(inherited)",
				);
				GCC_WARN_64_TO_32_BIT_CONVERSION = YES;
				GCC_WARN_ABOUT_RETURN_TYPE = YES_ERROR;
				GCC_WARN_UNDECLARED_SELECTOR = YES;
				GCC_WARN_UNINITIALIZED_AUTOS = YES_AGGRESSIVE;
				GCC_WARN_UNUSED_FUNCTION = YES;
				GCC_WARN_UNUSED_VARIABLE = YES;
				IPHONEOS_DEPLOYMENT_TARGET = 16.4;
				MTL_ENABLE_DEBUG_INFO = INCLUDE_SOURCE;
				MTL_FAST_MATH = YES;
				ONLY_ACTIVE_ARCH = YES;
				SDKROOT = iphoneos;
				SWIFT_ACTIVE_COMPILATION_CONDITIONS = DEBUG;
				SWIFT_OPTIMIZATION_LEVEL = "-Onone";
			};
			name = Debug;
		};
		24297BF62A3CC09800B154FD /* Release */ = {
			isa = XCBuildConfiguration;
			buildSettings = {
				ALWAYS_SEARCH_USER_PATHS = NO;
				CLANG_ANALYZER_NONNULL = YES;
				CLANG_ANALYZER_NUMBER_OBJECT_CONVERSION = YES_AGGRESSIVE;
				CLANG_CXX_LANGUAGE_STANDARD = "gnu++20";
				CLANG_ENABLE_MODULES = YES;
				CLANG_ENABLE_OBJC_ARC = YES;
				CLANG_ENABLE_OBJC_WEAK = YES;
				CLANG_WARN_BLOCK_CAPTURE_AUTORELEASING = YES;
				CLANG_WARN_BOOL_CONVERSION = YES;
				CLANG_WARN_COMMA = YES;
				CLANG_WARN_CONSTANT_CONVERSION = YES;
				CLANG_WARN_DEPRECATED_OBJC_IMPLEMENTATIONS = YES;
				CLANG_WARN_DIRECT_OBJC_ISA_USAGE = YES_ERROR;
				CLANG_WARN_DOCUMENTATION_COMMENTS = YES;
				CLANG_WARN_EMPTY_BODY = YES;
				CLANG_WARN_ENUM_CONVERSION = YES;
				CLANG_WARN_INFINITE_RECURSION = YES;
				CLANG_WARN_INT_CONVERSION = YES;
				CLANG_WARN_NON_LITERAL_NULL_CONVERSION = YES;
				CLANG_WARN_OBJC_IMPLICIT_RETAIN_SELF = YES;
				CLANG_WARN_OBJC_LITERAL_CONVERSION = YES;
				CLANG_WARN_OBJC_ROOT_CLASS = YES_ERROR;
				CLANG_WARN_QUOTED_INCLUDE_IN_FRAMEWORK_HEADER = YES;
				CLANG_WARN_RANGE_LOOP_ANALYSIS = YES;
				CLANG_WARN_STRICT_PROTOTYPES = YES;
				CLANG_WARN_SUSPICIOUS_MOVE = YES;
				CLANG_WARN_UNGUARDED_AVAILABILITY = YES_AGGRESSIVE;
				CLANG_WARN_UNREACHABLE_CODE = YES;
				CLANG_WARN__DUPLICATE_METHOD_MATCH = YES;
				COPY_PHASE_STRIP = NO;
				DEBUG_INFORMATION_FORMAT = "dwarf-with-dsym";
				ENABLE_NS_ASSERTIONS = NO;
				ENABLE_STRICT_OBJC_MSGSEND = YES;
				GCC_C_LANGUAGE_STANDARD = gnu11;
				GCC_NO_COMMON_BLOCKS = YES;
				GCC_WARN_64_TO_32_BIT_CONVERSION = YES;
				GCC_WARN_ABOUT_RETURN_TYPE = YES_ERROR;
				GCC_WARN_UNDECLARED_SELECTOR = YES;
				GCC_WARN_UNINITIALIZED_AUTOS = YES_AGGRESSIVE;
				GCC_WARN_UNUSED_FUNCTION = YES;
				GCC_WARN_UNUSED_VARIABLE = YES;
				IPHONEOS_DEPLOYMENT_TARGET = 16.4;
				MTL_ENABLE_DEBUG_INFO = NO;
				MTL_FAST_MATH = YES;
				SDKROOT = iphoneos;
				SWIFT_COMPILATION_MODE = wholemodule;
				SWIFT_OPTIMIZATION_LEVEL = "-O";
				VALIDATE_PRODUCT = YES;
			};
			name = Release;
		};
		24297BF82A3CC09800B154FD /* Debug */ = {
			isa = XCBuildConfiguration;
			buildSettings = {
				ASSETCATALOG_COMPILER_APPICON_NAME = AppIcon;
				ASSETCATALOG_COMPILER_GLOBAL_ACCENT_COLOR_NAME = AccentColor;
				CODE_SIGN_STYLE = Automatic;
				CURRENT_PROJECT_VERSION = 1;
				DEVELOPMENT_ASSET_PATHS = "\"CloneCalculator/Preview Content\"";
				DEVELOPMENT_TEAM = 37ACV43AZV;
				ENABLE_PREVIEWS = YES;
				GENERATE_INFOPLIST_FILE = YES;
				INFOPLIST_KEY_UIApplicationSceneManifest_Generation = YES;
				INFOPLIST_KEY_UIApplicationSupportsIndirectInputEvents = YES;
				INFOPLIST_KEY_UILaunchScreen_Generation = YES;
				INFOPLIST_KEY_UISupportedInterfaceOrientations = UIInterfaceOrientationPortrait;
				INFOPLIST_KEY_UISupportedInterfaceOrientations_iPad = "UIInterfaceOrientationLandscapeLeft UIInterfaceOrientationLandscapeRight UIInterfaceOrientationPortrait UIInterfaceOrientationPortraitUpsideDown";
				LD_RUNPATH_SEARCH_PATHS = (
					"$(inherited)",
					"@executable_path/Frameworks",
				);
				MARKETING_VERSION = 1.0;
				PRODUCT_BUNDLE_IDENTIFIER = com.banutraul.CloneCalculator;
				PRODUCT_NAME = "$(TARGET_NAME)";
				SUPPORTED_PLATFORMS = "iphoneos iphonesimulator";
				SUPPORTS_MACCATALYST = NO;
				SUPPORTS_MAC_DESIGNED_FOR_IPHONE_IPAD = YES;
				SWIFT_EMIT_LOC_STRINGS = YES;
				SWIFT_VERSION = 5.0;
				TARGETED_DEVICE_FAMILY = 1;
			};
			name = Debug;
		};
		24297BF92A3CC09800B154FD /* Release */ = {
			isa = XCBuildConfiguration;
			buildSettings = {
				ASSETCATALOG_COMPILER_APPICON_NAME = AppIcon;
				ASSETCATALOG_COMPILER_GLOBAL_ACCENT_COLOR_NAME = AccentColor;
				CODE_SIGN_STYLE = Automatic;
				CURRENT_PROJECT_VERSION = 1;
				DEVELOPMENT_ASSET_PATHS = "\"CloneCalculator/Preview Content\"";
				DEVELOPMENT_TEAM = 37ACV43AZV;
				ENABLE_PREVIEWS = YES;
				GENERATE_INFOPLIST_FILE = YES;
				INFOPLIST_KEY_UIApplicationSceneManifest_Generation = YES;
				INFOPLIST_KEY_UIApplicationSupportsIndirectInputEvents = YES;
				INFOPLIST_KEY_UILaunchScreen_Generation = YES;
				INFOPLIST_KEY_UISupportedInterfaceOrientations = UIInterfaceOrientationPortrait;
				INFOPLIST_KEY_UISupportedInterfaceOrientations_iPad = "UIInterfaceOrientationLandscapeLeft UIInterfaceOrientationLandscapeRight UIInterfaceOrientationPortrait UIInterfaceOrientationPortraitUpsideDown";
				LD_RUNPATH_SEARCH_PATHS = (
					"$(inherited)",
					"@executable_path/Frameworks",
				);
				MARKETING_VERSION = 1.0;
				PRODUCT_BUNDLE_IDENTIFIER = com.banutraul.CloneCalculator;
				PRODUCT_NAME = "$(TARGET_NAME)";
				SUPPORTED_PLATFORMS = "iphoneos iphonesimulator";
				SUPPORTS_MACCATALYST = NO;
				SUPPORTS_MAC_DESIGNED_FOR_IPHONE_IPAD = YES;
				SWIFT_EMIT_LOC_STRINGS = YES;
				SWIFT_VERSION = 5.0;
				TARGETED_DEVICE_FAMILY = 1;
			};
			name = Release;
		};
		24297BFB2A3CC09800B154FD /* Debug */ = {
			isa = XCBuildConfiguration;
			buildSettings = {
				ALWAYS_EMBED_SWIFT_STANDARD_LIBRARIES = YES;
				BUNDLE_LOADER = "$(TEST_HOST)";
				CODE_SIGN_STYLE = Automatic;
				CURRENT_PROJECT_VERSION = 1;
				DEVELOPMENT_TEAM = 37ACV43AZV;
				GENERATE_INFOPLIST_FILE = YES;
				IPHONEOS_DEPLOYMENT_TARGET = 16.4;
				MARKETING_VERSION = 1.0;
				PRODUCT_BUNDLE_IDENTIFIER = com.banutraul.CloneCalculatorTests;
				PRODUCT_NAME = "$(TARGET_NAME)";
				SWIFT_EMIT_LOC_STRINGS = NO;
				SWIFT_VERSION = 5.0;
				TARGETED_DEVICE_FAMILY = "1,2";
				TEST_HOST = "$(BUILT_PRODUCTS_DIR)/CloneCalculator.app/$(BUNDLE_EXECUTABLE_FOLDER_PATH)/CloneCalculator";
			};
			name = Debug;
		};
		24297BFC2A3CC09800B154FD /* Release */ = {
			isa = XCBuildConfiguration;
			buildSettings = {
				ALWAYS_EMBED_SWIFT_STANDARD_LIBRARIES = YES;
				BUNDLE_LOADER = "$(TEST_HOST)";
				CODE_SIGN_STYLE = Automatic;
				CURRENT_PROJECT_VERSION = 1;
				DEVELOPMENT_TEAM = 37ACV43AZV;
				GENERATE_INFOPLIST_FILE = YES;
				IPHONEOS_DEPLOYMENT_TARGET = 16.4;
				MARKETING_VERSION = 1.0;
				PRODUCT_BUNDLE_IDENTIFIER = com.banutraul.CloneCalculatorTests;
				PRODUCT_NAME = "$(TARGET_NAME)";
				SWIFT_EMIT_LOC_STRINGS = NO;
				SWIFT_VERSION = 5.0;
				TARGETED_DEVICE_FAMILY = "1,2";
				TEST_HOST = "$(BUILT_PRODUCTS_DIR)/CloneCalculator.app/$(BUNDLE_EXECUTABLE_FOLDER_PATH)/CloneCalculator";
			};
			name = Release;
		};
		24297BFE2A3CC09800B154FD /* Debug */ = {
			isa = XCBuildConfiguration;
			buildSettings = {
				ALWAYS_EMBED_SWIFT_STANDARD_LIBRARIES = YES;
				CODE_SIGN_STYLE = Automatic;
				CURRENT_PROJECT_VERSION = 1;
				DEVELOPMENT_TEAM = 37ACV43AZV;
				GENERATE_INFOPLIST_FILE = YES;
				MARKETING_VERSION = 1.0;
				PRODUCT_BUNDLE_IDENTIFIER = com.banutraul.CloneCalculatorUITests;
				PRODUCT_NAME = "$(TARGET_NAME)";
				SWIFT_EMIT_LOC_STRINGS = NO;
				SWIFT_VERSION = 5.0;
				TARGETED_DEVICE_FAMILY = "1,2";
				TEST_TARGET_NAME = CloneCalculator;
			};
			name = Debug;
		};
		24297BFF2A3CC09800B154FD /* Release */ = {
			isa = XCBuildConfiguration;
			buildSettings = {
				ALWAYS_EMBED_SWIFT_STANDARD_LIBRARIES = YES;
				CODE_SIGN_STYLE = Automatic;
				CURRENT_PROJECT_VERSION = 1;
				DEVELOPMENT_TEAM = 37ACV43AZV;
				GENERATE_INFOPLIST_FILE = YES;
				MARKETING_VERSION = 1.0;
				PRODUCT_BUNDLE_IDENTIFIER = com.banutraul.CloneCalculatorUITests;
				PRODUCT_NAME = "$(TARGET_NAME)";
				SWIFT_EMIT_LOC_STRINGS = NO;
				SWIFT_VERSION = 5.0;
				TARGETED_DEVICE_FAMILY = "1,2";
				TEST_TARGET_NAME = CloneCalculator;
			};
			name = Release;
		};
/* End XCBuildConfiguration section */

/* Begin XCConfigurationList section */
		24297BCE2A3CC09700B154FD /* Build configuration list for PBXProject "CloneCalculator" */ = {
			isa = XCConfigurationList;
			buildConfigurations = (
				24297BF52A3CC09800B154FD /* Debug */,
				24297BF62A3CC09800B154FD /* Release */,
			);
			defaultConfigurationIsVisible = 0;
			defaultConfigurationName = Release;
		};
		24297BF72A3CC09800B154FD /* Build configuration list for PBXNativeTarget "CloneCalculator" */ = {
			isa = XCConfigurationList;
			buildConfigurations = (
				24297BF82A3CC09800B154FD /* Debug */,
				24297BF92A3CC09800B154FD /* Release */,
			);
			defaultConfigurationIsVisible = 0;
			defaultConfigurationName = Release;
		};
		24297BFA2A3CC09800B154FD /* Build configuration list for PBXNativeTarget "CloneCalculatorTests" */ = {
			isa = XCConfigurationList;
			buildConfigurations = (
				24297BFB2A3CC09800B154FD /* Debug */,
				24297BFC2A3CC09800B154FD /* Release */,
			);
			defaultConfigurationIsVisible = 0;
			defaultConfigurationName = Release;
		};
		24297BFD2A3CC09800B154FD /* Build configuration list for PBXNativeTarget "CloneCalculatorUITests" */ = {
			isa = XCConfigurationList;
			buildConfigurations = (
				24297BFE2A3CC09800B154FD /* Debug */,
				24297BFF2A3CC09800B154FD /* Release */,
			);
			defaultConfigurationIsVisible = 0;
			defaultConfigurationName = Release;
		};
/* End XCConfigurationList section */
	};
	rootObject = 24297BCB2A3CC09700B154FD /* Project object */;
}
