// !$*UTF8*$!
{
	archiveVersion = 1;
	classes = {
	};
	objectVersion = 56;
	objects = {

/* Begin PBXBuildFile section */
		871CF5F72A645F2600B5EE4B /* MapViewController (Spanish).strings in Resources */ = {isa = PBXBuildFile; fileRef = 871CF5F92A645F2600B5EE4B /* MapViewController (Spanish).strings */; };
		871CF5FE2A6460A000B5EE4B /* MapViewController (German).strings in Resources */ = {isa = PBXBuildFile; fileRef = 871CF6002A6460A000B5EE4B /* MapViewController (German).strings */; };
		872705142A5F0EB40073E1B9 /* MapViewController.swift in Sources */ = {isa = PBXBuildFile; fileRef = 872705132A5F0EB40073E1B9 /* MapViewController.swift */; };
		872705162A5FF9BF0073E1B9 /* QuizzViewController.swift in Sources */ = {isa = PBXBuildFile; fileRef = 872705152A5FF9BF0073E1B9 /* QuizzViewController.swift */; };
		872705182A6041F80073E1B9 /* ConversionProgViewController.swift in Sources */ = {isa = PBXBuildFile; fileRef = 872705172A6041F80073E1B9 /* ConversionProgViewController.swift */; };
		87F65B512A5DD0A60026A282 /* AppDelegate.swift in Sources */ = {isa = PBXBuildFile; fileRef = 87F65B502A5DD0A60026A282 /* AppDelegate.swift */; };
		87F65B532A5DD0A60026A282 /* SceneDelegate.swift in Sources */ = {isa = PBXBuildFile; fileRef = 87F65B522A5DD0A60026A282 /* SceneDelegate.swift */; };
		87F65B552A5DD0A60026A282 /* ConversionViewController.swift in Sources */ = {isa = PBXBuildFile; fileRef = 87F65B542A5DD0A60026A282 /* ConversionViewController.swift */; };
		87F65B582A5DD0A60026A282 /* Main.storyboard in Resources */ = {isa = PBXBuildFile; fileRef = 87F65B562A5DD0A60026A282 /* Main.storyboard */; };
		87F65B5A2A5DD0A70026A282 /* Assets.xcassets in Resources */ = {isa = PBXBuildFile; fileRef = 87F65B592A5DD0A70026A282 /* Assets.xcassets */; };
		87F65B5D2A5DD0A70026A282 /* LaunchScreen.storyboard in Resources */ = {isa = PBXBuildFile; fileRef = 87F65B5B2A5DD0A70026A282 /* LaunchScreen.storyboard */; };
		87F65B682A5DD0A70026A282 /* WorldTrotterTests.swift in Sources */ = {isa = PBXBuildFile; fileRef = 87F65B672A5DD0A70026A282 /* WorldTrotterTests.swift */; };
		87F65B722A5DD0A70026A282 /* WorldTrotterUITests.swift in Sources */ = {isa = PBXBuildFile; fileRef = 87F65B712A5DD0A70026A282 /* WorldTrotterUITests.swift */; };
		87F65B742A5DD0A70026A282 /* WorldTrotterUITestsLaunchTests.swift in Sources */ = {isa = PBXBuildFile; fileRef = 87F65B732A5DD0A70026A282 /* WorldTrotterUITestsLaunchTests.swift */; };
/* End PBXBuildFile section */

/* Begin PBXContainerItemProxy section */
		87F65B642A5DD0A70026A282 /* PBXContainerItemProxy */ = {
			isa = PBXContainerItemProxy;
			containerPortal = 87F65B452A5DD0A60026A282 /* Project object */;
			proxyType = 1;
			remoteGlobalIDString = 87F65B4C2A5DD0A60026A282;
			remoteInfo = WorldTrotter;
		};
		87F65B6E2A5DD0A70026A282 /* PBXContainerItemProxy */ = {
			isa = PBXContainerItemProxy;
			containerPortal = 87F65B452A5DD0A60026A282 /* Project object */;
			proxyType = 1;
			remoteGlobalIDString = 87F65B4C2A5DD0A60026A282;
			remoteInfo = WorldTrotter;
		};
/* End PBXContainerItemProxy section */

/* Begin PBXFileReference section */
		871CF5F02A645C1E00B5EE4B /* en */ = {isa = PBXFileReference; lastKnownFileType = text.plist.strings; name = en; path = en.lproj/Main.strings; sourceTree = "<group>"; };
		871CF5F32A645C7300B5EE4B /* es */ = {isa = PBXFileReference; lastKnownFileType = text.plist.strings; name = es; path = es.lproj/Main.strings; sourceTree = "<group>"; };
		871CF5F42A645C7300B5EE4B /* es */ = {isa = PBXFileReference; lastKnownFileType = text.plist.strings; name = es; path = es.lproj/LaunchScreen.strings; sourceTree = "<group>"; };
		871CF5F82A645F2600B5EE4B /* es */ = {isa = PBXFileReference; lastKnownFileType = text.plist.strings; name = es; path = "es.lproj/MapViewController (Spanish).strings"; sourceTree = "<group>"; };
		871CF5FC2A64609100B5EE4B /* de */ = {isa = PBXFileReference; lastKnownFileType = text.plist.strings; name = de; path = de.lproj/Main.strings; sourceTree = "<group>"; };
		871CF5FD2A64609100B5EE4B /* de */ = {isa = PBXFileReference; lastKnownFileType = text.plist.strings; name = de; path = de.lproj/LaunchScreen.strings; sourceTree = "<group>"; };
		871CF5FF2A6460A000B5EE4B /* de */ = {isa = PBXFileReference; lastKnownFileType = text.plist.strings; name = de; path = "de.lproj/MapViewController (German).strings"; sourceTree = "<group>"; };
		872705132A5F0EB40073E1B9 /* MapViewController.swift */ = {isa = PBXFileReference; lastKnownFileType = sourcecode.swift; path = MapViewController.swift; sourceTree = "<group>"; };
		872705152A5FF9BF0073E1B9 /* QuizzViewController.swift */ = {isa = PBXFileReference; fileEncoding = 4; lastKnownFileType = sourcecode.swift; name = QuizzViewController.swift; path = ../../Quiz/Quiz/QuizzViewController.swift; sourceTree = "<group>"; };
		872705172A6041F80073E1B9 /* ConversionProgViewController.swift */ = {isa = PBXFileReference; lastKnownFileType = sourcecode.swift; path = ConversionProgViewController.swift; sourceTree = "<group>"; };
		87F65B4D2A5DD0A60026A282 /* WorldTrotter.app */ = {isa = PBXFileReference; explicitFileType = wrapper.application; includeInIndex = 0; path = WorldTrotter.app; sourceTree = BUILT_PRODUCTS_DIR; };
		87F65B502A5DD0A60026A282 /* AppDelegate.swift */ = {isa = PBXFileReference; lastKnownFileType = sourcecode.swift; path = AppDelegate.swift; sourceTree = "<group>"; };
		87F65B522A5DD0A60026A282 /* SceneDelegate.swift */ = {isa = PBXFileReference; lastKnownFileType = sourcecode.swift; path = SceneDelegate.swift; sourceTree = "<group>"; };
		87F65B542A5DD0A60026A282 /* ConversionViewController.swift */ = {isa = PBXFileReference; lastKnownFileType = sourcecode.swift; path = ConversionViewController.swift; sourceTree = "<group>"; xcLanguageSpecificationIdentifier = xcode.lang.swift; };
		87F65B572A5DD0A60026A282 /* Base */ = {isa = PBXFileReference; lastKnownFileType = file.storyboard; name = Base; path = Base.lproj/Main.storyboard; sourceTree = "<group>"; };
		87F65B592A5DD0A70026A282 /* Assets.xcassets */ = {isa = PBXFileReference; lastKnownFileType = folder.assetcatalog; path = Assets.xcassets; sourceTree = "<group>"; };
		87F65B5C2A5DD0A70026A282 /* Base */ = {isa = PBXFileReference; lastKnownFileType = file.storyboard; name = Base; path = Base.lproj/LaunchScreen.storyboard; sourceTree = "<group>"; };
		87F65B5E2A5DD0A70026A282 /* Info.plist */ = {isa = PBXFileReference; lastKnownFileType = text.plist.xml; path = Info.plist; sourceTree = "<group>"; };
		87F65B632A5DD0A70026A282 /* WorldTrotterTests.xctest */ = {isa = PBXFileReference; explicitFileType = wrapper.cfbundle; includeInIndex = 0; path = WorldTrotterTests.xctest; sourceTree = BUILT_PRODUCTS_DIR; };
		87F65B672A5DD0A70026A282 /* WorldTrotterTests.swift */ = {isa = PBXFileReference; lastKnownFileType = sourcecode.swift; path = WorldTrotterTests.swift; sourceTree = "<group>"; };
		87F65B6D2A5DD0A70026A282 /* WorldTrotterUITests.xctest */ = {isa = PBXFileReference; explicitFileType = wrapper.cfbundle; includeInIndex = 0; path = WorldTrotterUITests.xctest; sourceTree = BUILT_PRODUCTS_DIR; };
		87F65B712A5DD0A70026A282 /* WorldTrotterUITests.swift */ = {isa = PBXFileReference; lastKnownFileType = sourcecode.swift; path = WorldTrotterUITests.swift; sourceTree = "<group>"; };
		87F65B732A5DD0A70026A282 /* WorldTrotterUITestsLaunchTests.swift */ = {isa = PBXFileReference; lastKnownFileType = sourcecode.swift; path = WorldTrotterUITestsLaunchTests.swift; sourceTree = "<group>"; };
/* End PBXFileReference section */

/* Begin PBXFrameworksBuildPhase section */
		87F65B4A2A5DD0A60026A282 /* Frameworks */ = {
			isa = PBXFrameworksBuildPhase;
			buildActionMask = 2147483647;
			files = (
			);
			runOnlyForDeploymentPostprocessing = 0;
		};
		87F65B602A5DD0A70026A282 /* Frameworks */ = {
			isa = PBXFrameworksBuildPhase;
			buildActionMask = 2147483647;
			files = (
			);
			runOnlyForDeploymentPostprocessing = 0;
		};
		87F65B6A2A5DD0A70026A282 /* Frameworks */ = {
			isa = PBXFrameworksBuildPhase;
			buildActionMask = 2147483647;
			files = (
			);
			runOnlyForDeploymentPostprocessing = 0;
		};
/* End PBXFrameworksBuildPhase section */

/* Begin PBXGroup section */
		871CF6012A6461D700B5EE4B /* MapViewController */ = {
			isa = PBXGroup;
			children = (
				872705132A5F0EB40073E1B9 /* MapViewController.swift */,
				871CF5F92A645F2600B5EE4B /* MapViewController (Spanish).strings */,
				871CF6002A6460A000B5EE4B /* MapViewController (German).strings */,
			);
			path = MapViewController;
			sourceTree = "<group>";
		};
		87F65B442A5DD0A60026A282 = {
			isa = PBXGroup;
			children = (
				87F65B4F2A5DD0A60026A282 /* WorldTrotter */,
				87F65B662A5DD0A70026A282 /* WorldTrotterTests */,
				87F65B702A5DD0A70026A282 /* WorldTrotterUITests */,
				87F65B4E2A5DD0A60026A282 /* Products */,
			);
			sourceTree = "<group>";
		};
		87F65B4E2A5DD0A60026A282 /* Products */ = {
			isa = PBXGroup;
			children = (
				87F65B4D2A5DD0A60026A282 /* WorldTrotter.app */,
				87F65B632A5DD0A70026A282 /* WorldTrotterTests.xctest */,
				87F65B6D2A5DD0A70026A282 /* WorldTrotterUITests.xctest */,
			);
			name = Products;
			sourceTree = "<group>";
		};
		87F65B4F2A5DD0A60026A282 /* WorldTrotter */ = {
			isa = PBXGroup;
			children = (
				87F65B502A5DD0A60026A282 /* AppDelegate.swift */,
				87F65B522A5DD0A60026A282 /* SceneDelegate.swift */,
				87F65B542A5DD0A60026A282 /* ConversionViewController.swift */,
				872705172A6041F80073E1B9 /* ConversionProgViewController.swift */,
				872705152A5FF9BF0073E1B9 /* QuizzViewController.swift */,
				871CF6012A6461D700B5EE4B /* MapViewController */,
				87F65B562A5DD0A60026A282 /* Main.storyboard */,
				87F65B592A5DD0A70026A282 /* Assets.xcassets */,
				87F65B5B2A5DD0A70026A282 /* LaunchScreen.storyboard */,
				87F65B5E2A5DD0A70026A282 /* Info.plist */,
			);
			path = WorldTrotter;
			sourceTree = "<group>";
		};
		87F65B662A5DD0A70026A282 /* WorldTrotterTests */ = {
			isa = PBXGroup;
			children = (
				87F65B672A5DD0A70026A282 /* WorldTrotterTests.swift */,
			);
			path = WorldTrotterTests;
			sourceTree = "<group>";
		};
		87F65B702A5DD0A70026A282 /* WorldTrotterUITests */ = {
			isa = PBXGroup;
			children = (
				87F65B712A5DD0A70026A282 /* WorldTrotterUITests.swift */,
				87F65B732A5DD0A70026A282 /* WorldTrotterUITestsLaunchTests.swift */,
			);
			path = WorldTrotterUITests;
			sourceTree = "<group>";
		};
/* End PBXGroup section */

/* Begin PBXNativeTarget section */
		87F65B4C2A5DD0A60026A282 /* WorldTrotter */ = {
			isa = PBXNativeTarget;
			buildConfigurationList = 87F65B772A5DD0A70026A282 /* Build configuration list for PBXNativeTarget "WorldTrotter" */;
			buildPhases = (
				87F65B492A5DD0A60026A282 /* Sources */,
				87F65B4A2A5DD0A60026A282 /* Frameworks */,
				87F65B4B2A5DD0A60026A282 /* Resources */,
			);
			buildRules = (
			);
			dependencies = (
			);
			name = WorldTrotter;
			productName = WorldTrotter;
			productReference = 87F65B4D2A5DD0A60026A282 /* WorldTrotter.app */;
			productType = "com.apple.product-type.application";
		};
		87F65B622A5DD0A70026A282 /* WorldTrotterTests */ = {
			isa = PBXNativeTarget;
			buildConfigurationList = 87F65B7A2A5DD0A70026A282 /* Build configuration list for PBXNativeTarget "WorldTrotterTests" */;
			buildPhases = (
				87F65B5F2A5DD0A70026A282 /* Sources */,
				87F65B602A5DD0A70026A282 /* Frameworks */,
				87F65B612A5DD0A70026A282 /* Resources */,
			);
			buildRules = (
			);
			dependencies = (
				87F65B652A5DD0A70026A282 /* PBXTargetDependency */,
			);
			name = WorldTrotterTests;
			productName = WorldTrotterTests;
			productReference = 87F65B632A5DD0A70026A282 /* WorldTrotterTests.xctest */;
			productType = "com.apple.product-type.bundle.unit-test";
		};
		87F65B6C2A5DD0A70026A282 /* WorldTrotterUITests */ = {
			isa = PBXNativeTarget;
			buildConfigurationList = 87F65B7D2A5DD0A70026A282 /* Build configuration list for PBXNativeTarget "WorldTrotterUITests" */;
			buildPhases = (
				87F65B692A5DD0A70026A282 /* Sources */,
				87F65B6A2A5DD0A70026A282 /* Frameworks */,
				87F65B6B2A5DD0A70026A282 /* Resources */,
			);
			buildRules = (
			);
			dependencies = (
				87F65B6F2A5DD0A70026A282 /* PBXTargetDependency */,
			);
			name = WorldTrotterUITests;
			productName = WorldTrotterUITests;
			productReference = 87F65B6D2A5DD0A70026A282 /* WorldTrotterUITests.xctest */;
			productType = "com.apple.product-type.bundle.ui-testing";
		};
/* End PBXNativeTarget section */

/* Begin PBXProject section */
		87F65B452A5DD0A60026A282 /* Project object */ = {
			isa = PBXProject;
			attributes = {
				BuildIndependentTargetsInParallel = 1;
				LastSwiftUpdateCheck = 1430;
				LastUpgradeCheck = 1430;
				TargetAttributes = {
					87F65B4C2A5DD0A60026A282 = {
						CreatedOnToolsVersion = 14.3.1;
					};
					87F65B622A5DD0A70026A282 = {
						CreatedOnToolsVersion = 14.3.1;
						TestTargetID = 87F65B4C2A5DD0A60026A282;
					};
					87F65B6C2A5DD0A70026A282 = {
						CreatedOnToolsVersion = 14.3.1;
						TestTargetID = 87F65B4C2A5DD0A60026A282;
					};
				};
			};
			buildConfigurationList = 87F65B482A5DD0A60026A282 /* Build configuration list for PBXProject "WorldTrotter" */;
			compatibilityVersion = "Xcode 14.0";
			developmentRegion = en;
			hasScannedForEncodings = 0;
			knownRegions = (
				en,
				Base,
				es,
				de,
			);
			mainGroup = 87F65B442A5DD0A60026A282;
			productRefGroup = 87F65B4E2A5DD0A60026A282 /* Products */;
			projectDirPath = "";
			projectRoot = "";
			targets = (
				87F65B4C2A5DD0A60026A282 /* WorldTrotter */,
				87F65B622A5DD0A70026A282 /* WorldTrotterTests */,
				87F65B6C2A5DD0A70026A282 /* WorldTrotterUITests */,
			);
		};
/* End PBXProject section */

/* Begin PBXResourcesBuildPhase section */
		87F65B4B2A5DD0A60026A282 /* Resources */ = {
			isa = PBXResourcesBuildPhase;
			buildActionMask = 2147483647;
			files = (
				871CF5FE2A6460A000B5EE4B /* MapViewController (German).strings in Resources */,
				87F65B5D2A5DD0A70026A282 /* LaunchScreen.storyboard in Resources */,
				871CF5F72A645F2600B5EE4B /* MapViewController (Spanish).strings in Resources */,
				87F65B5A2A5DD0A70026A282 /* Assets.xcassets in Resources */,
				87F65B582A5DD0A60026A282 /* Main.storyboard in Resources */,
			);
			runOnlyForDeploymentPostprocessing = 0;
		};
		87F65B612A5DD0A70026A282 /* Resources */ = {
			isa = PBXResourcesBuildPhase;
			buildActionMask = 2147483647;
			files = (
			);
			runOnlyForDeploymentPostprocessing = 0;
		};
		87F65B6B2A5DD0A70026A282 /* Resources */ = {
			isa = PBXResourcesBuildPhase;
			buildActionMask = 2147483647;
			files = (
			);
			runOnlyForDeploymentPostprocessing = 0;
		};
/* End PBXResourcesBuildPhase section */

/* Begin PBXSourcesBuildPhase section */
		87F65B492A5DD0A60026A282 /* Sources */ = {
			isa = PBXSourcesBuildPhase;
			buildActionMask = 2147483647;
			files = (
				872705162A5FF9BF0073E1B9 /* QuizzViewController.swift in Sources */,
				87F65B552A5DD0A60026A282 /* ConversionViewController.swift in Sources */,
				872705182A6041F80073E1B9 /* ConversionProgViewController.swift in Sources */,
				87F65B512A5DD0A60026A282 /* AppDelegate.swift in Sources */,
				87F65B532A5DD0A60026A282 /* SceneDelegate.swift in Sources */,
				872705142A5F0EB40073E1B9 /* MapViewController.swift in Sources */,
			);
			runOnlyForDeploymentPostprocessing = 0;
		};
		87F65B5F2A5DD0A70026A282 /* Sources */ = {
			isa = PBXSourcesBuildPhase;
			buildActionMask = 2147483647;
			files = (
				87F65B682A5DD0A70026A282 /* WorldTrotterTests.swift in Sources */,
			);
			runOnlyForDeploymentPostprocessing = 0;
		};
		87F65B692A5DD0A70026A282 /* Sources */ = {
			isa = PBXSourcesBuildPhase;
			buildActionMask = 2147483647;
			files = (
				87F65B742A5DD0A70026A282 /* WorldTrotterUITestsLaunchTests.swift in Sources */,
				87F65B722A5DD0A70026A282 /* WorldTrotterUITests.swift in Sources */,
			);
			runOnlyForDeploymentPostprocessing = 0;
		};
/* End PBXSourcesBuildPhase section */

/* Begin PBXTargetDependency section */
		87F65B652A5DD0A70026A282 /* PBXTargetDependency */ = {
			isa = PBXTargetDependency;
			target = 87F65B4C2A5DD0A60026A282 /* WorldTrotter */;
			targetProxy = 87F65B642A5DD0A70026A282 /* PBXContainerItemProxy */;
		};
		87F65B6F2A5DD0A70026A282 /* PBXTargetDependency */ = {
			isa = PBXTargetDependency;
			target = 87F65B4C2A5DD0A60026A282 /* WorldTrotter */;
			targetProxy = 87F65B6E2A5DD0A70026A282 /* PBXContainerItemProxy */;
		};
/* End PBXTargetDependency section */

/* Begin PBXVariantGroup section */
		871CF5F92A645F2600B5EE4B /* MapViewController (Spanish).strings */ = {
			isa = PBXVariantGroup;
			children = (
				871CF5F82A645F2600B5EE4B /* es */,
			);
			name = "MapViewController (Spanish).strings";
			sourceTree = "<group>";
		};
		871CF6002A6460A000B5EE4B /* MapViewController (German).strings */ = {
			isa = PBXVariantGroup;
			children = (
				871CF5FF2A6460A000B5EE4B /* de */,
			);
			name = "MapViewController (German).strings";
			sourceTree = "<group>";
		};
		87F65B562A5DD0A60026A282 /* Main.storyboard */ = {
			isa = PBXVariantGroup;
			children = (
				87F65B572A5DD0A60026A282 /* Base */,
				871CF5F02A645C1E00B5EE4B /* en */,
				871CF5F32A645C7300B5EE4B /* es */,
				871CF5FC2A64609100B5EE4B /* de */,
			);
			name = Main.storyboard;
			sourceTree = "<group>";
		};
		87F65B5B2A5DD0A70026A282 /* LaunchScreen.storyboard */ = {
			isa = PBXVariantGroup;
			children = (
				87F65B5C2A5DD0A70026A282 /* Base */,
				871CF5F42A645C7300B5EE4B /* es */,
				871CF5FD2A64609100B5EE4B /* de */,
			);
			name = LaunchScreen.storyboard;
			sourceTree = "<group>";
		};
/* End PBXVariantGroup section */

/* Begin XCBuildConfiguration section */
		87F65B752A5DD0A70026A282 /* Debug */ = {
			isa = XCBuildConfiguration;
			buildSettings = {
				ALWAYS_SEARCH_USER_PATHS = NO;
				CLANG_ANALYZER_LOCALIZABILITY_NONLOCALIZED = YES;
				CLANG_ANALYZER_NONNULL = YES;
				CLANG_ANALYZER_NUMBER_OBJECT_CONVERSION = YES_AGGRESSIVE;
				CLANG_CXX_LANGUAGE_STANDARD = "gnu++20";
				CLANG_ENABLE_MODULES = YES;
				CLANG_ENABLE_OBJC_ARC = YES;
				CLANG_ENABLE_OBJC_WEAK = YES;
				CLANG_WARN_BLOCK_CAPTURE_AUTORELEASING = YES;
				CLANG_WARN_BOOL_CONVERSION = YES;
				CLANG_WARN_COMMA = YES;
				CLANG_WARN_CONSTANT_CONVERSION = YES;
				CLANG_WARN_DEPRECATED_OBJC_IMPLEMENTATIONS = YES;
				CLANG_WARN_DIRECT_OBJC_ISA_USAGE = YES_ERROR;
				CLANG_WARN_DOCUMENTATION_COMMENTS = YES;
				CLANG_WARN_EMPTY_BODY = YES;
				CLANG_WARN_ENUM_CONVERSION = YES;
				CLANG_WARN_INFINITE_RECURSION = YES;
				CLANG_WARN_INT_CONVERSION = YES;
				CLANG_WARN_NON_LITERAL_NULL_CONVERSION = YES;
				CLANG_WARN_OBJC_IMPLICIT_RETAIN_SELF = YES;
				CLANG_WARN_OBJC_LITERAL_CONVERSION = YES;
				CLANG_WARN_OBJC_ROOT_CLASS = YES_ERROR;
				CLANG_WARN_QUOTED_INCLUDE_IN_FRAMEWORK_HEADER = YES;
				CLANG_WARN_RANGE_LOOP_ANALYSIS = YES;
				CLANG_WARN_STRICT_PROTOTYPES = YES;
				CLANG_WARN_SUSPICIOUS_MOVE = YES;
				CLANG_WARN_UNGUARDED_AVAILABILITY = YES_AGGRESSIVE;
				CLANG_WARN_UNREACHABLE_CODE = YES;
				CLANG_WARN__DUPLICATE_METHOD_MATCH = YES;
				COPY_PHASE_STRIP = NO;
				DEBUG_INFORMATION_FORMAT = dwarf;
				ENABLE_STRICT_OBJC_MSGSEND = YES;
				ENABLE_TESTABILITY = YES;
				GCC_C_LANGUAGE_STANDARD = gnu11;
				GCC_DYNAMIC_NO_PIC = NO;
				GCC_NO_COMMON_BLOCKS = YES;
				GCC_OPTIMIZATION_LEVEL = 0;
				GCC_PREPROCESSOR_DEFINITIONS = (
					"DEBUG=1",
					"$(inherited)",
				);
				GCC_WARN_64_TO_32_BIT_CONVERSION = YES;
				GCC_WARN_ABOUT_RETURN_TYPE = YES_ERROR;
				GCC_WARN_UNDECLARED_SELECTOR = YES;
				GCC_WARN_UNINITIALIZED_AUTOS = YES_AGGRESSIVE;
				GCC_WARN_UNUSED_FUNCTION = YES;
				GCC_WARN_UNUSED_VARIABLE = YES;
				IPHONEOS_DEPLOYMENT_TARGET = 16.4;
				MTL_ENABLE_DEBUG_INFO = INCLUDE_SOURCE;
				MTL_FAST_MATH = YES;
				ONLY_ACTIVE_ARCH = YES;
				SDKROOT = iphoneos;
				SWIFT_ACTIVE_COMPILATION_CONDITIONS = DEBUG;
				SWIFT_OPTIMIZATION_LEVEL = "-Onone";
			};
			name = Debug;
		};
		87F65B762A5DD0A70026A282 /* Release */ = {
			isa = XCBuildConfiguration;
			buildSettings = {
				ALWAYS_SEARCH_USER_PATHS = NO;
				CLANG_ANALYZER_LOCALIZABILITY_NONLOCALIZED = YES;
				CLANG_ANALYZER_NONNULL = YES;
				CLANG_ANALYZER_NUMBER_OBJECT_CONVERSION = YES_AGGRESSIVE;
				CLANG_CXX_LANGUAGE_STANDARD = "gnu++20";
				CLANG_ENABLE_MODULES = YES;
				CLANG_ENABLE_OBJC_ARC = YES;
				CLANG_ENABLE_OBJC_WEAK = YES;
				CLANG_WARN_BLOCK_CAPTURE_AUTORELEASING = YES;
				CLANG_WARN_BOOL_CONVERSION = YES;
				CLANG_WARN_COMMA = YES;
				CLANG_WARN_CONSTANT_CONVERSION = YES;
				CLANG_WARN_DEPRECATED_OBJC_IMPLEMENTATIONS = YES;
				CLANG_WARN_DIRECT_OBJC_ISA_USAGE = YES_ERROR;
				CLANG_WARN_DOCUMENTATION_COMMENTS = YES;
				CLANG_WARN_EMPTY_BODY = YES;
				CLANG_WARN_ENUM_CONVERSION = YES;
				CLANG_WARN_INFINITE_RECURSION = YES;
				CLANG_WARN_INT_CONVERSION = YES;
				CLANG_WARN_NON_LITERAL_NULL_CONVERSION = YES;
				CLANG_WARN_OBJC_IMPLICIT_RETAIN_SELF = YES;
				CLANG_WARN_OBJC_LITERAL_CONVERSION = YES;
				CLANG_WARN_OBJC_ROOT_CLASS = YES_ERROR;
				CLANG_WARN_QUOTED_INCLUDE_IN_FRAMEWORK_HEADER = YES;
				CLANG_WARN_RANGE_LOOP_ANALYSIS = YES;
				CLANG_WARN_STRICT_PROTOTYPES = YES;
				CLANG_WARN_SUSPICIOUS_MOVE = YES;
				CLANG_WARN_UNGUARDED_AVAILABILITY = YES_AGGRESSIVE;
				CLANG_WARN_UNREACHABLE_CODE = YES;
				CLANG_WARN__DUPLICATE_METHOD_MATCH = YES;
				COPY_PHASE_STRIP = NO;
				DEBUG_INFORMATION_FORMAT = "dwarf-with-dsym";
				ENABLE_NS_ASSERTIONS = NO;
				ENABLE_STRICT_OBJC_MSGSEND = YES;
				GCC_C_LANGUAGE_STANDARD = gnu11;
				GCC_NO_COMMON_BLOCKS = YES;
				GCC_WARN_64_TO_32_BIT_CONVERSION = YES;
				GCC_WARN_ABOUT_RETURN_TYPE = YES_ERROR;
				GCC_WARN_UNDECLARED_SELECTOR = YES;
				GCC_WARN_UNINITIALIZED_AUTOS = YES_AGGRESSIVE;
				GCC_WARN_UNUSED_FUNCTION = YES;
				GCC_WARN_UNUSED_VARIABLE = YES;
				IPHONEOS_DEPLOYMENT_TARGET = 16.4;
				MTL_ENABLE_DEBUG_INFO = NO;
				MTL_FAST_MATH = YES;
				SDKROOT = iphoneos;
				SWIFT_COMPILATION_MODE = wholemodule;
				SWIFT_OPTIMIZATION_LEVEL = "-O";
				VALIDATE_PRODUCT = YES;
			};
			name = Release;
		};
		87F65B782A5DD0A70026A282 /* Debug */ = {
			isa = XCBuildConfiguration;
			buildSettings = {
				ASSETCATALOG_COMPILER_APPICON_NAME = AppIcon;
				ASSETCATALOG_COMPILER_GLOBAL_ACCENT_COLOR_NAME = AccentColor;
				CODE_SIGN_STYLE = Automatic;
				CURRENT_PROJECT_VERSION = 1;
				DEVELOPMENT_TEAM = A3ZD8QD55M;
				GENERATE_INFOPLIST_FILE = YES;
				INFOPLIST_FILE = WorldTrotter/Info.plist;
				INFOPLIST_KEY_UIApplicationSupportsIndirectInputEvents = YES;
				INFOPLIST_KEY_UILaunchStoryboardName = LaunchScreen;
				INFOPLIST_KEY_UIMainStoryboardFile = Main;
				INFOPLIST_KEY_UISupportedInterfaceOrientations_iPad = "UIInterfaceOrientationPortrait UIInterfaceOrientationPortraitUpsideDown UIInterfaceOrientationLandscapeLeft UIInterfaceOrientationLandscapeRight";
				INFOPLIST_KEY_UISupportedInterfaceOrientations_iPhone = "UIInterfaceOrientationPortrait UIInterfaceOrientationLandscapeLeft UIInterfaceOrientationLandscapeRight";
				LD_RUNPATH_SEARCH_PATHS = (
					"$(inherited)",
					"@executable_path/Frameworks",
				);
				MARKETING_VERSION = 1.0;
				PRODUCT_BUNDLE_IDENTIFIER = com.raulbanut.WorldTrotter;
				PRODUCT_NAME = "$(TARGET_NAME)";
				SWIFT_EMIT_LOC_STRINGS = YES;
				SWIFT_VERSION = 5.0;
				TARGETED_DEVICE_FAMILY = "1,2";
			};
			name = Debug;
		};
		87F65B792A5DD0A70026A282 /* Release */ = {
			isa = XCBuildConfiguration;
			buildSettings = {
				ASSETCATALOG_COMPILER_APPICON_NAME = AppIcon;
				ASSETCATALOG_COMPILER_GLOBAL_ACCENT_COLOR_NAME = AccentColor;
				CODE_SIGN_STYLE = Automatic;
				CURRENT_PROJECT_VERSION = 1;
				DEVELOPMENT_TEAM = A3ZD8QD55M;
				GENERATE_INFOPLIST_FILE = YES;
				INFOPLIST_FILE = WorldTrotter/Info.plist;
				INFOPLIST_KEY_UIApplicationSupportsIndirectInputEvents = YES;
				INFOPLIST_KEY_UILaunchStoryboardName = LaunchScreen;
				INFOPLIST_KEY_UIMainStoryboardFile = Main;
				INFOPLIST_KEY_UISupportedInterfaceOrientations_iPad = "UIInterfaceOrientationPortrait UIInterfaceOrientationPortraitUpsideDown UIInterfaceOrientationLandscapeLeft UIInterfaceOrientationLandscapeRight";
				INFOPLIST_KEY_UISupportedInterfaceOrientations_iPhone = "UIInterfaceOrientationPortrait UIInterfaceOrientationLandscapeLeft UIInterfaceOrientationLandscapeRight";
				LD_RUNPATH_SEARCH_PATHS = (
					"$(inherited)",
					"@executable_path/Frameworks",
				);
				MARKETING_VERSION = 1.0;
				PRODUCT_BUNDLE_IDENTIFIER = com.raulbanut.WorldTrotter;
				PRODUCT_NAME = "$(TARGET_NAME)";
				SWIFT_EMIT_LOC_STRINGS = YES;
				SWIFT_VERSION = 5.0;
				TARGETED_DEVICE_FAMILY = "1,2";
			};
			name = Release;
		};
		87F65B7B2A5DD0A70026A282 /* Debug */ = {
			isa = XCBuildConfiguration;
			buildSettings = {
				ALWAYS_EMBED_SWIFT_STANDARD_LIBRARIES = YES;
				BUNDLE_LOADER = "$(TEST_HOST)";
				CODE_SIGN_STYLE = Automatic;
				CURRENT_PROJECT_VERSION = 1;
				DEVELOPMENT_TEAM = A3ZD8QD55M;
				GENERATE_INFOPLIST_FILE = YES;
				IPHONEOS_DEPLOYMENT_TARGET = 16.4;
				MARKETING_VERSION = 1.0;
				PRODUCT_BUNDLE_IDENTIFIER = com.raulbanut.WorldTrotterTests;
				PRODUCT_NAME = "$(TARGET_NAME)";
				SWIFT_EMIT_LOC_STRINGS = NO;
				SWIFT_VERSION = 5.0;
				TARGETED_DEVICE_FAMILY = "1,2";
				TEST_HOST = "$(BUILT_PRODUCTS_DIR)/WorldTrotter.app/$(BUNDLE_EXECUTABLE_FOLDER_PATH)/WorldTrotter";
			};
			name = Debug;
		};
		87F65B7C2A5DD0A70026A282 /* Release */ = {
			isa = XCBuildConfiguration;
			buildSettings = {
				ALWAYS_EMBED_SWIFT_STANDARD_LIBRARIES = YES;
				BUNDLE_LOADER = "$(TEST_HOST)";
				CODE_SIGN_STYLE = Automatic;
				CURRENT_PROJECT_VERSION = 1;
				DEVELOPMENT_TEAM = A3ZD8QD55M;
				GENERATE_INFOPLIST_FILE = YES;
				IPHONEOS_DEPLOYMENT_TARGET = 16.4;
				MARKETING_VERSION = 1.0;
				PRODUCT_BUNDLE_IDENTIFIER = com.raulbanut.WorldTrotterTests;
				PRODUCT_NAME = "$(TARGET_NAME)";
				SWIFT_EMIT_LOC_STRINGS = NO;
				SWIFT_VERSION = 5.0;
				TARGETED_DEVICE_FAMILY = "1,2";
				TEST_HOST = "$(BUILT_PRODUCTS_DIR)/WorldTrotter.app/$(BUNDLE_EXECUTABLE_FOLDER_PATH)/WorldTrotter";
			};
			name = Release;
		};
		87F65B7E2A5DD0A70026A282 /* Debug */ = {
			isa = XCBuildConfiguration;
			buildSettings = {
				ALWAYS_EMBED_SWIFT_STANDARD_LIBRARIES = YES;
				CODE_SIGN_STYLE = Automatic;
				CURRENT_PROJECT_VERSION = 1;
				DEVELOPMENT_TEAM = A3ZD8QD55M;
				GENERATE_INFOPLIST_FILE = YES;
				MARKETING_VERSION = 1.0;
				PRODUCT_BUNDLE_IDENTIFIER = com.raulbanut.WorldTrotterUITests;
				PRODUCT_NAME = "$(TARGET_NAME)";
				SWIFT_EMIT_LOC_STRINGS = NO;
				SWIFT_VERSION = 5.0;
				TARGETED_DEVICE_FAMILY = "1,2";
				TEST_TARGET_NAME = WorldTrotter;
			};
			name = Debug;
		};
		87F65B7F2A5DD0A70026A282 /* Release */ = {
			isa = XCBuildConfiguration;
			buildSettings = {
				ALWAYS_EMBED_SWIFT_STANDARD_LIBRARIES = YES;
				CODE_SIGN_STYLE = Automatic;
				CURRENT_PROJECT_VERSION = 1;
				DEVELOPMENT_TEAM = A3ZD8QD55M;
				GENERATE_INFOPLIST_FILE = YES;
				MARKETING_VERSION = 1.0;
				PRODUCT_BUNDLE_IDENTIFIER = com.raulbanut.WorldTrotterUITests;
				PRODUCT_NAME = "$(TARGET_NAME)";
				SWIFT_EMIT_LOC_STRINGS = NO;
				SWIFT_VERSION = 5.0;
				TARGETED_DEVICE_FAMILY = "1,2";
				TEST_TARGET_NAME = WorldTrotter;
			};
			name = Release;
		};
/* End XCBuildConfiguration section */

/* Begin XCConfigurationList section */
		87F65B482A5DD0A60026A282 /* Build configuration list for PBXProject "WorldTrotter" */ = {
			isa = XCConfigurationList;
			buildConfigurations = (
				87F65B752A5DD0A70026A282 /* Debug */,
				87F65B762A5DD0A70026A282 /* Release */,
			);
			defaultConfigurationIsVisible = 0;
			defaultConfigurationName = Release;
		};
		87F65B772A5DD0A70026A282 /* Build configuration list for PBXNativeTarget "WorldTrotter" */ = {
			isa = XCConfigurationList;
			buildConfigurations = (
				87F65B782A5DD0A70026A282 /* Debug */,
				87F65B792A5DD0A70026A282 /* Release */,
			);
			defaultConfigurationIsVisible = 0;
			defaultConfigurationName = Release;
		};
		87F65B7A2A5DD0A70026A282 /* Build configuration list for PBXNativeTarget "WorldTrotterTests" */ = {
			isa = XCConfigurationList;
			buildConfigurations = (
				87F65B7B2A5DD0A70026A282 /* Debug */,
				87F65B7C2A5DD0A70026A282 /* Release */,
			);
			defaultConfigurationIsVisible = 0;
			defaultConfigurationName = Release;
		};
		87F65B7D2A5DD0A70026A282 /* Build configuration list for PBXNativeTarget "WorldTrotterUITests" */ = {
			isa = XCConfigurationList;
			buildConfigurations = (
				87F65B7E2A5DD0A70026A282 /* Debug */,
				87F65B7F2A5DD0A70026A282 /* Release */,
			);
			defaultConfigurationIsVisible = 0;
			defaultConfigurationName = Release;
		};
/* End XCConfigurationList section */
	};
	rootObject = 87F65B452A5DD0A60026A282 /* Project object */;
}
