// !$*UTF8*$!
{
	archiveVersion = 1;
	classes = {
	};
	objectVersion = 56;
	objects = {

/* Begin PBXBuildFile section */
		24EA8D0D2ADF3AB000039E0B /* AppDelegate.swift in Sources */ = {isa = PBXBuildFile; fileRef = 24EA8D0C2ADF3AB000039E0B /* AppDelegate.swift */; };
		24EA8D0F2ADF3AB000039E0B /* SceneDelegate.swift in Sources */ = {isa = PBXBuildFile; fileRef = 24EA8D0E2ADF3AB000039E0B /* SceneDelegate.swift */; };
		24EA8D162ADF3AB100039E0B /* Assets.xcassets in Resources */ = {isa = PBXBuildFile; fileRef = 24EA8D152ADF3AB100039E0B /* Assets.xcassets */; };
		24EA8D192ADF3AB100039E0B /* LaunchScreen.storyboard in Resources */ = {isa = PBXBuildFile; fileRef = 24EA8D172ADF3AB100039E0B /* LaunchScreen.storyboard */; };
		24EA8D242AE0029C00039E0B /* Coordinator.swift in Sources */ = {isa = PBXBuildFile; fileRef = 24EA8D232AE0029C00039E0B /* Coordinator.swift */; };
		24EA8D262AE002D900039E0B /* RootCoordinator.swift in Sources */ = {isa = PBXBuildFile; fileRef = 24EA8D252AE002D900039E0B /* RootCoordinator.swift */; };
		24EA8D292AE00E7500039E0B /* OnboardingCoordinator.swift in Sources */ = {isa = PBXBuildFile; fileRef = 24EA8D282AE00E7500039E0B /* OnboardingCoordinator.swift */; };
		24EA8D2C2AE00EBD00039E0B /* OnboardingView.swift in Sources */ = {isa = PBXBuildFile; fileRef = 24EA8D2B2AE00EBD00039E0B /* OnboardingView.swift */; };
		24EA8D2F2AE0109900039E0B /* ScalledImageView.swift in Sources */ = {isa = PBXBuildFile; fileRef = 24EA8D2E2AE0109900039E0B /* ScalledImageView.swift */; };
		24EA8D312AE0114600039E0B /* ContentView.swift in Sources */ = {isa = PBXBuildFile; fileRef = 24EA8D302AE0114600039E0B /* ContentView.swift */; };
		24EA8D342AE0130400039E0B /* MainCoordinator.swift in Sources */ = {isa = PBXBuildFile; fileRef = 24EA8D332AE0130400039E0B /* MainCoordinator.swift */; };
		24EA8D372AE0134800039E0B /* FirstTabCoordinator.swift in Sources */ = {isa = PBXBuildFile; fileRef = 24EA8D362AE0134800039E0B /* FirstTabCoordinator.swift */; };
		24EA8D3A2AE013A000039E0B /* SecondTabCoordinator.swift in Sources */ = {isa = PBXBuildFile; fileRef = 24EA8D392AE013A000039E0B /* SecondTabCoordinator.swift */; };
		24EA8D3C2AE0146A00039E0B /* FirstViewController.swift in Sources */ = {isa = PBXBuildFile; fileRef = 24EA8D3B2AE0146A00039E0B /* FirstViewController.swift */; };
		24EA8D3F2AE0147500039E0B /* SecondViewController.swift in Sources */ = {isa = PBXBuildFile; fileRef = 24EA8D3D2AE0147500039E0B /* SecondViewController.swift */; };
		24EA8D402AE0147500039E0B /* SecondViewController.xib in Resources */ = {isa = PBXBuildFile; fileRef = 24EA8D3E2AE0147500039E0B /* SecondViewController.xib */; };
		24EA8D422AE014B500039E0B /* FirstDetailView.swift in Sources */ = {isa = PBXBuildFile; fileRef = 24EA8D412AE014B500039E0B /* FirstDetailView.swift */; };
		24EA8D442AE652AC00039E0B /* FirstTabViewModel.swift in Sources */ = {isa = PBXBuildFile; fileRef = 24EA8D432AE652AC00039E0B /* FirstTabViewModel.swift */; };
/* End PBXBuildFile section */

/* Begin PBXFileReference section */
		24EA8D092ADF3AB000039E0B /* CoordinatorProject.app */ = {isa = PBXFileReference; explicitFileType = wrapper.application; includeInIndex = 0; path = CoordinatorProject.app; sourceTree = BUILT_PRODUCTS_DIR; };
		24EA8D0C2ADF3AB000039E0B /* AppDelegate.swift */ = {isa = PBXFileReference; lastKnownFileType = sourcecode.swift; path = AppDelegate.swift; sourceTree = "<group>"; };
		24EA8D0E2ADF3AB000039E0B /* SceneDelegate.swift */ = {isa = PBXFileReference; lastKnownFileType = sourcecode.swift; path = SceneDelegate.swift; sourceTree = "<group>"; };
		24EA8D152ADF3AB100039E0B /* Assets.xcassets */ = {isa = PBXFileReference; lastKnownFileType = folder.assetcatalog; path = Assets.xcassets; sourceTree = "<group>"; };
		24EA8D182ADF3AB100039E0B /* Base */ = {isa = PBXFileReference; lastKnownFileType = file.storyboard; name = Base; path = Base.lproj/LaunchScreen.storyboard; sourceTree = "<group>"; };
		24EA8D1A2ADF3AB100039E0B /* Info.plist */ = {isa = PBXFileReference; lastKnownFileType = text.plist.xml; path = Info.plist; sourceTree = "<group>"; };
		24EA8D232AE0029C00039E0B /* Coordinator.swift */ = {isa = PBXFileReference; lastKnownFileType = sourcecode.swift; path = Coordinator.swift; sourceTree = "<group>"; };
		24EA8D252AE002D900039E0B /* RootCoordinator.swift */ = {isa = PBXFileReference; lastKnownFileType = sourcecode.swift; path = RootCoordinator.swift; sourceTree = "<group>"; };
		24EA8D282AE00E7500039E0B /* OnboardingCoordinator.swift */ = {isa = PBXFileReference; lastKnownFileType = sourcecode.swift; path = OnboardingCoordinator.swift; sourceTree = "<group>"; };
		24EA8D2B2AE00EBD00039E0B /* OnboardingView.swift */ = {isa = PBXFileReference; lastKnownFileType = sourcecode.swift; path = OnboardingView.swift; sourceTree = "<group>"; };
		24EA8D2E2AE0109900039E0B /* ScalledImageView.swift */ = {isa = PBXFileReference; lastKnownFileType = sourcecode.swift; path = ScalledImageView.swift; sourceTree = "<group>"; };
		24EA8D302AE0114600039E0B /* ContentView.swift */ = {isa = PBXFileReference; lastKnownFileType = sourcecode.swift; path = ContentView.swift; sourceTree = "<group>"; };
		24EA8D332AE0130400039E0B /* MainCoordinator.swift */ = {isa = PBXFileReference; lastKnownFileType = sourcecode.swift; path = MainCoordinator.swift; sourceTree = "<group>"; };
		24EA8D362AE0134800039E0B /* FirstTabCoordinator.swift */ = {isa = PBXFileReference; lastKnownFileType = sourcecode.swift; path = FirstTabCoordinator.swift; sourceTree = "<group>"; };
		24EA8D392AE013A000039E0B /* SecondTabCoordinator.swift */ = {isa = PBXFileReference; lastKnownFileType = sourcecode.swift; path = SecondTabCoordinator.swift; sourceTree = "<group>"; };
		24EA8D3B2AE0146A00039E0B /* FirstViewController.swift */ = {isa = PBXFileReference; lastKnownFileType = sourcecode.swift; path = FirstViewController.swift; sourceTree = "<group>"; };
		24EA8D3D2AE0147500039E0B /* SecondViewController.swift */ = {isa = PBXFileReference; lastKnownFileType = sourcecode.swift; path = SecondViewController.swift; sourceTree = "<group>"; };
		24EA8D3E2AE0147500039E0B /* SecondViewController.xib */ = {isa = PBXFileReference; lastKnownFileType = file.xib; path = SecondViewController.xib; sourceTree = "<group>"; };
		24EA8D412AE014B500039E0B /* FirstDetailView.swift */ = {isa = PBXFileReference; lastKnownFileType = sourcecode.swift; path = FirstDetailView.swift; sourceTree = "<group>"; };
		24EA8D432AE652AC00039E0B /* FirstTabViewModel.swift */ = {isa = PBXFileReference; lastKnownFileType = sourcecode.swift; path = FirstTabViewModel.swift; sourceTree = "<group>"; };
/* End PBXFileReference section */

/* Begin PBXFrameworksBuildPhase section */
		24EA8D062ADF3AB000039E0B /* Frameworks */ = {
			isa = PBXFrameworksBuildPhase;
			buildActionMask = 2147483647;
			files = (
			);
			runOnlyForDeploymentPostprocessing = 0;
		};
/* End PBXFrameworksBuildPhase section */

/* Begin PBXGroup section */
		24EA8D002ADF3AB000039E0B = {
			isa = PBXGroup;
			children = (
				24EA8D0B2ADF3AB000039E0B /* CoordinatorProject */,
				24EA8D0A2ADF3AB000039E0B /* Products */,
			);
			sourceTree = "<group>";
		};
		24EA8D0A2ADF3AB000039E0B /* Products */ = {
			isa = PBXGroup;
			children = (
				24EA8D092ADF3AB000039E0B /* CoordinatorProject.app */,
			);
			name = Products;
			sourceTree = "<group>";
		};
		24EA8D0B2ADF3AB000039E0B /* CoordinatorProject */ = {
			isa = PBXGroup;
			children = (
				24EA8D322AE012F700039E0B /* Main */,
				24EA8D0C2ADF3AB000039E0B /* AppDelegate.swift */,
				24EA8D0E2ADF3AB000039E0B /* SceneDelegate.swift */,
				24EA8D252AE002D900039E0B /* RootCoordinator.swift */,
				24EA8D272AE00E6800039E0B /* Onboarding */,
				24EA8D222AE0029200039E0B /* Protocols */,
				24EA8D2D2AE0108A00039E0B /* Helper */,
				24EA8D152ADF3AB100039E0B /* Assets.xcassets */,
				24EA8D172ADF3AB100039E0B /* LaunchScreen.storyboard */,
				24EA8D1A2ADF3AB100039E0B /* Info.plist */,
				24EA8D302AE0114600039E0B /* ContentView.swift */,
			);
			path = CoordinatorProject;
			sourceTree = "<group>";
		};
		24EA8D222AE0029200039E0B /* Protocols */ = {
			isa = PBXGroup;
			children = (
				24EA8D232AE0029C00039E0B /* Coordinator.swift */,
			);
			path = Protocols;
			sourceTree = "<group>";
		};
		24EA8D272AE00E6800039E0B /* Onboarding */ = {
			isa = PBXGroup;
			children = (
				24EA8D282AE00E7500039E0B /* OnboardingCoordinator.swift */,
				24EA8D2B2AE00EBD00039E0B /* OnboardingView.swift */,
			);
			path = Onboarding;
			sourceTree = "<group>";
		};
		24EA8D2D2AE0108A00039E0B /* Helper */ = {
			isa = PBXGroup;
			children = (
				24EA8D2E2AE0109900039E0B /* ScalledImageView.swift */,
			);
			path = Helper;
			sourceTree = "<group>";
		};
		24EA8D322AE012F700039E0B /* Main */ = {
			isa = PBXGroup;
			children = (
				24EA8D332AE0130400039E0B /* MainCoordinator.swift */,
				24EA8D352AE0133400039E0B /* First */,
				24EA8D382AE0139700039E0B /* Second */,
			);
			path = Main;
			sourceTree = "<group>";
		};
		24EA8D352AE0133400039E0B /* First */ = {
			isa = PBXGroup;
			children = (
				24EA8D362AE0134800039E0B /* FirstTabCoordinator.swift */,
				24EA8D3B2AE0146A00039E0B /* FirstViewController.swift */,
				24EA8D412AE014B500039E0B /* FirstDetailView.swift */,
				24EA8D432AE652AC00039E0B /* FirstTabViewModel.swift */,
			);
			path = First;
			sourceTree = "<group>";
		};
		24EA8D382AE0139700039E0B /* Second */ = {
			isa = PBXGroup;
			children = (
				24EA8D392AE013A000039E0B /* SecondTabCoordinator.swift */,
				24EA8D3D2AE0147500039E0B /* SecondViewController.swift */,
				24EA8D3E2AE0147500039E0B /* SecondViewController.xib */,
			);
			path = Second;
			sourceTree = "<group>";
		};
/* End PBXGroup section */

/* Begin PBXNativeTarget section */
		24EA8D082ADF3AB000039E0B /* CoordinatorProject */ = {
			isa = PBXNativeTarget;
			buildConfigurationList = 24EA8D1D2ADF3AB100039E0B /* Build configuration list for PBXNativeTarget "CoordinatorProject" */;
			buildPhases = (
				24EA8D052ADF3AB000039E0B /* Sources */,
				24EA8D062ADF3AB000039E0B /* Frameworks */,
				24EA8D072ADF3AB000039E0B /* Resources */,
			);
			buildRules = (
			);
			dependencies = (
			);
			name = CoordinatorProject;
			productName = CoordinatorProject;
			productReference = 24EA8D092ADF3AB000039E0B /* CoordinatorProject.app */;
			productType = "com.apple.product-type.application";
		};
/* End PBXNativeTarget section */

/* Begin PBXProject section */
		24EA8D012ADF3AB000039E0B /* Project object */ = {
			isa = PBXProject;
			attributes = {
				BuildIndependentTargetsInParallel = 1;
				LastSwiftUpdateCheck = 1500;
				LastUpgradeCheck = 1500;
				TargetAttributes = {
					24EA8D082ADF3AB000039E0B = {
						CreatedOnToolsVersion = 15.0;
					};
				};
			};
			buildConfigurationList = 24EA8D042ADF3AB000039E0B /* Build configuration list for PBXProject "CoordinatorProject" */;
			compatibilityVersion = "Xcode 14.0";
			developmentRegion = en;
			hasScannedForEncodings = 0;
			knownRegions = (
				en,
				Base,
			);
			mainGroup = 24EA8D002ADF3AB000039E0B;
			productRefGroup = 24EA8D0A2ADF3AB000039E0B /* Products */;
			projectDirPath = "";
			projectRoot = "";
			targets = (
				24EA8D082ADF3AB000039E0B /* CoordinatorProject */,
			);
		};
/* End PBXProject section */

/* Begin PBXResourcesBuildPhase section */
		24EA8D072ADF3AB000039E0B /* Resources */ = {
			isa = PBXResourcesBuildPhase;
			buildActionMask = 2147483647;
			files = (
				24EA8D192ADF3AB100039E0B /* LaunchScreen.storyboard in Resources */,
				24EA8D162ADF3AB100039E0B /* Assets.xcassets in Resources */,
				24EA8D402AE0147500039E0B /* SecondViewController.xib in Resources */,
			);
			runOnlyForDeploymentPostprocessing = 0;
		};
/* End PBXResourcesBuildPhase section */

/* Begin PBXSourcesBuildPhase section */
		24EA8D052ADF3AB000039E0B /* Sources */ = {
			isa = PBXSourcesBuildPhase;
			buildActionMask = 2147483647;
			files = (
				24EA8D242AE0029C00039E0B /* Coordinator.swift in Sources */,
				24EA8D0D2ADF3AB000039E0B /* AppDelegate.swift in Sources */,
				24EA8D312AE0114600039E0B /* ContentView.swift in Sources */,
				24EA8D3C2AE0146A00039E0B /* FirstViewController.swift in Sources */,
				24EA8D372AE0134800039E0B /* FirstTabCoordinator.swift in Sources */,
				24EA8D292AE00E7500039E0B /* OnboardingCoordinator.swift in Sources */,
				24EA8D3F2AE0147500039E0B /* SecondViewController.swift in Sources */,
				24EA8D2F2AE0109900039E0B /* ScalledImageView.swift in Sources */,
				24EA8D2C2AE00EBD00039E0B /* OnboardingView.swift in Sources */,
				24EA8D3A2AE013A000039E0B /* SecondTabCoordinator.swift in Sources */,
				24EA8D442AE652AC00039E0B /* FirstTabViewModel.swift in Sources */,
				24EA8D262AE002D900039E0B /* RootCoordinator.swift in Sources */,
				24EA8D342AE0130400039E0B /* MainCoordinator.swift in Sources */,
				24EA8D422AE014B500039E0B /* FirstDetailView.swift in Sources */,
				24EA8D0F2ADF3AB000039E0B /* SceneDelegate.swift in Sources */,
			);
			runOnlyForDeploymentPostprocessing = 0;
		};
/* End PBXSourcesBuildPhase section */

/* Begin PBXVariantGroup section */
		24EA8D172ADF3AB100039E0B /* LaunchScreen.storyboard */ = {
			isa = PBXVariantGroup;
			children = (
				24EA8D182ADF3AB100039E0B /* Base */,
			);
			name = LaunchScreen.storyboard;
			sourceTree = "<group>";
		};
/* End PBXVariantGroup section */

/* Begin XCBuildConfiguration section */
		24EA8D1B2ADF3AB100039E0B /* Debug */ = {
			isa = XCBuildConfiguration;
			buildSettings = {
				ALWAYS_SEARCH_USER_PATHS = NO;
				ASSETCATALOG_COMPILER_GENERATE_SWIFT_ASSET_SYMBOL_EXTENSIONS = YES;
				CLANG_ANALYZER_NONNULL = YES;
				CLANG_ANALYZER_NUMBER_OBJECT_CONVERSION = YES_AGGRESSIVE;
				CLANG_CXX_LANGUAGE_STANDARD = "gnu++20";
				CLANG_ENABLE_MODULES = YES;
				CLANG_ENABLE_OBJC_ARC = YES;
				CLANG_ENABLE_OBJC_WEAK = YES;
				CLANG_WARN_BLOCK_CAPTURE_AUTORELEASING = YES;
				CLANG_WARN_BOOL_CONVERSION = YES;
				CLANG_WARN_COMMA = YES;
				CLANG_WARN_CONSTANT_CONVERSION = YES;
				CLANG_WARN_DEPRECATED_OBJC_IMPLEMENTATIONS = YES;
				CLANG_WARN_DIRECT_OBJC_ISA_USAGE = YES_ERROR;
				CLANG_WARN_DOCUMENTATION_COMMENTS = YES;
				CLANG_WARN_EMPTY_BODY = YES;
				CLANG_WARN_ENUM_CONVERSION = YES;
				CLANG_WARN_INFINITE_RECURSION = YES;
				CLANG_WARN_INT_CONVERSION = YES;
				CLANG_WARN_NON_LITERAL_NULL_CONVERSION = YES;
				CLANG_WARN_OBJC_IMPLICIT_RETAIN_SELF = YES;
				CLANG_WARN_OBJC_LITERAL_CONVERSION = YES;
				CLANG_WARN_OBJC_ROOT_CLASS = YES_ERROR;
				CLANG_WARN_QUOTED_INCLUDE_IN_FRAMEWORK_HEADER = YES;
				CLANG_WARN_RANGE_LOOP_ANALYSIS = YES;
				CLANG_WARN_STRICT_PROTOTYPES = YES;
				CLANG_WARN_SUSPICIOUS_MOVE = YES;
				CLANG_WARN_UNGUARDED_AVAILABILITY = YES_AGGRESSIVE;
				CLANG_WARN_UNREACHABLE_CODE = YES;
				CLANG_WARN__DUPLICATE_METHOD_MATCH = YES;
				COPY_PHASE_STRIP = NO;
				DEBUG_INFORMATION_FORMAT = dwarf;
				ENABLE_STRICT_OBJC_MSGSEND = YES;
				ENABLE_TESTABILITY = YES;
				ENABLE_USER_SCRIPT_SANDBOXING = YES;
				GCC_C_LANGUAGE_STANDARD = gnu17;
				GCC_DYNAMIC_NO_PIC = NO;
				GCC_NO_COMMON_BLOCKS = YES;
				GCC_OPTIMIZATION_LEVEL = 0;
				GCC_PREPROCESSOR_DEFINITIONS = (
					"DEBUG=1",
					"$(inherited)",
				);
				GCC_WARN_64_TO_32_BIT_CONVERSION = YES;
				GCC_WARN_ABOUT_RETURN_TYPE = YES_ERROR;
				GCC_WARN_UNDECLARED_SELECTOR = YES;
				GCC_WARN_UNINITIALIZED_AUTOS = YES_AGGRESSIVE;
				GCC_WARN_UNUSED_FUNCTION = YES;
				GCC_WARN_UNUSED_VARIABLE = YES;
				IPHONEOS_DEPLOYMENT_TARGET = 17.0;
				LOCALIZATION_PREFERS_STRING_CATALOGS = YES;
				MTL_ENABLE_DEBUG_INFO = INCLUDE_SOURCE;
				MTL_FAST_MATH = YES;
				ONLY_ACTIVE_ARCH = YES;
				SDKROOT = iphoneos;
				SWIFT_ACTIVE_COMPILATION_CONDITIONS = "DEBUG $(inherited)";
				SWIFT_OPTIMIZATION_LEVEL = "-Onone";
			};
			name = Debug;
		};
		24EA8D1C2ADF3AB100039E0B /* Release */ = {
			isa = XCBuildConfiguration;
			buildSettings = {
				ALWAYS_SEARCH_USER_PATHS = NO;
				ASSETCATALOG_COMPILER_GENERATE_SWIFT_ASSET_SYMBOL_EXTENSIONS = YES;
				CLANG_ANALYZER_NONNULL = YES;
				CLANG_ANALYZER_NUMBER_OBJECT_CONVERSION = YES_AGGRESSIVE;
				CLANG_CXX_LANGUAGE_STANDARD = "gnu++20";
				CLANG_ENABLE_MODULES = YES;
				CLANG_ENABLE_OBJC_ARC = YES;
				CLANG_ENABLE_OBJC_WEAK = YES;
				CLANG_WARN_BLOCK_CAPTURE_AUTORELEASING = YES;
				CLANG_WARN_BOOL_CONVERSION = YES;
				CLANG_WARN_COMMA = YES;
				CLANG_WARN_CONSTANT_CONVERSION = YES;
				CLANG_WARN_DEPRECATED_OBJC_IMPLEMENTATIONS = YES;
				CLANG_WARN_DIRECT_OBJC_ISA_USAGE = YES_ERROR;
				CLANG_WARN_DOCUMENTATION_COMMENTS = YES;
				CLANG_WARN_EMPTY_BODY = YES;
				CLANG_WARN_ENUM_CONVERSION = YES;
				CLANG_WARN_INFINITE_RECURSION = YES;
				CLANG_WARN_INT_CONVERSION = YES;
				CLANG_WARN_NON_LITERAL_NULL_CONVERSION = YES;
				CLANG_WARN_OBJC_IMPLICIT_RETAIN_SELF = YES;
				CLANG_WARN_OBJC_LITERAL_CONVERSION = YES;
				CLANG_WARN_OBJC_ROOT_CLASS = YES_ERROR;
				CLANG_WARN_QUOTED_INCLUDE_IN_FRAMEWORK_HEADER = YES;
				CLANG_WARN_RANGE_LOOP_ANALYSIS = YES;
				CLANG_WARN_STRICT_PROTOTYPES = YES;
				CLANG_WARN_SUSPICIOUS_MOVE = YES;
				CLANG_WARN_UNGUARDED_AVAILABILITY = YES_AGGRESSIVE;
				CLANG_WARN_UNREACHABLE_CODE = YES;
				CLANG_WARN__DUPLICATE_METHOD_MATCH = YES;
				COPY_PHASE_STRIP = NO;
				DEBUG_INFORMATION_FORMAT = "dwarf-with-dsym";
				ENABLE_NS_ASSERTIONS = NO;
				ENABLE_STRICT_OBJC_MSGSEND = YES;
				ENABLE_USER_SCRIPT_SANDBOXING = YES;
				GCC_C_LANGUAGE_STANDARD = gnu17;
				GCC_NO_COMMON_BLOCKS = YES;
				GCC_WARN_64_TO_32_BIT_CONVERSION = YES;
				GCC_WARN_ABOUT_RETURN_TYPE = YES_ERROR;
				GCC_WARN_UNDECLARED_SELECTOR = YES;
				GCC_WARN_UNINITIALIZED_AUTOS = YES_AGGRESSIVE;
				GCC_WARN_UNUSED_FUNCTION = YES;
				GCC_WARN_UNUSED_VARIABLE = YES;
				IPHONEOS_DEPLOYMENT_TARGET = 17.0;
				LOCALIZATION_PREFERS_STRING_CATALOGS = YES;
				MTL_ENABLE_DEBUG_INFO = NO;
				MTL_FAST_MATH = YES;
				SDKROOT = iphoneos;
				SWIFT_COMPILATION_MODE = wholemodule;
				VALIDATE_PRODUCT = YES;
			};
			name = Release;
		};
		24EA8D1E2ADF3AB100039E0B /* Debug */ = {
			isa = XCBuildConfiguration;
			buildSettings = {
				ASSETCATALOG_COMPILER_APPICON_NAME = AppIcon;
				ASSETCATALOG_COMPILER_GLOBAL_ACCENT_COLOR_NAME = AccentColor;
				CODE_SIGN_STYLE = Automatic;
				CURRENT_PROJECT_VERSION = 1;
				DEVELOPMENT_TEAM = 37ACV43AZV;
				GENERATE_INFOPLIST_FILE = YES;
				INFOPLIST_FILE = CoordinatorProject/Info.plist;
				INFOPLIST_KEY_UIApplicationSupportsIndirectInputEvents = YES;
				INFOPLIST_KEY_UILaunchStoryboardName = LaunchScreen;
				INFOPLIST_KEY_UIStatusBarStyle = "";
				INFOPLIST_KEY_UISupportedInterfaceOrientations = UIInterfaceOrientationPortrait;
				INFOPLIST_KEY_UISupportedInterfaceOrientations_iPad = "UIInterfaceOrientationLandscapeLeft UIInterfaceOrientationLandscapeRight UIInterfaceOrientationPortrait UIInterfaceOrientationPortraitUpsideDown";
				LD_RUNPATH_SEARCH_PATHS = (
					"$(inherited)",
					"@executable_path/Frameworks",
				);
				MARKETING_VERSION = 1.0;
				PRODUCT_BUNDLE_IDENTIFIER = com.banutraul.CoordinatorProject;
				PRODUCT_NAME = "$(TARGET_NAME)";
				SUPPORTED_PLATFORMS = "iphoneos iphonesimulator";
				SUPPORTS_MACCATALYST = NO;
				SWIFT_EMIT_LOC_STRINGS = YES;
				SWIFT_VERSION = 5.0;
				TARGETED_DEVICE_FAMILY = 1;
			};
			name = Debug;
		};
		24EA8D1F2ADF3AB100039E0B /* Release */ = {
			isa = XCBuildConfiguration;
			buildSettings = {
				ASSETCATALOG_COMPILER_APPICON_NAME = AppIcon;
				ASSETCATALOG_COMPILER_GLOBAL_ACCENT_COLOR_NAME = AccentColor;
				CODE_SIGN_STYLE = Automatic;
				CURRENT_PROJECT_VERSION = 1;
				DEVELOPMENT_TEAM = 37ACV43AZV;
				GENERATE_INFOPLIST_FILE = YES;
				INFOPLIST_FILE = CoordinatorProject/Info.plist;
				INFOPLIST_KEY_UIApplicationSupportsIndirectInputEvents = YES;
				INFOPLIST_KEY_UILaunchStoryboardName = LaunchScreen;
				INFOPLIST_KEY_UIStatusBarStyle = "";
				INFOPLIST_KEY_UISupportedInterfaceOrientations = UIInterfaceOrientationPortrait;
				INFOPLIST_KEY_UISupportedInterfaceOrientations_iPad = "UIInterfaceOrientationLandscapeLeft UIInterfaceOrientationLandscapeRight UIInterfaceOrientationPortrait UIInterfaceOrientationPortraitUpsideDown";
				LD_RUNPATH_SEARCH_PATHS = (
					"$(inherited)",
					"@executable_path/Frameworks",
				);
				MARKETING_VERSION = 1.0;
				PRODUCT_BUNDLE_IDENTIFIER = com.banutraul.CoordinatorProject;
				PRODUCT_NAME = "$(TARGET_NAME)";
				SUPPORTED_PLATFORMS = "iphoneos iphonesimulator";
				SUPPORTS_MACCATALYST = NO;
				SWIFT_EMIT_LOC_STRINGS = YES;
				SWIFT_VERSION = 5.0;
				TARGETED_DEVICE_FAMILY = 1;
			};
			name = Release;
		};
/* End XCBuildConfiguration section */

/* Begin XCConfigurationList section */
		24EA8D042ADF3AB000039E0B /* Build configuration list for PBXProject "CoordinatorProject" */ = {
			isa = XCConfigurationList;
			buildConfigurations = (
				24EA8D1B2ADF3AB100039E0B /* Debug */,
				24EA8D1C2ADF3AB100039E0B /* Release */,
			);
			defaultConfigurationIsVisible = 0;
			defaultConfigurationName = Release;
		};
		24EA8D1D2ADF3AB100039E0B /* Build configuration list for PBXNativeTarget "CoordinatorProject" */ = {
			isa = XCConfigurationList;
			buildConfigurations = (
				24EA8D1E2ADF3AB100039E0B /* Debug */,
				24EA8D1F2ADF3AB100039E0B /* Release */,
			);
			defaultConfigurationIsVisible = 0;
			defaultConfigurationName = Release;
		};
/* End XCConfigurationList section */
	};
	rootObject = 24EA8D012ADF3AB000039E0B /* Project object */;
}
