// !$*UTF8*$!
{
	archiveVersion = 1;
	classes = {
	};
	objectVersion = 56;
	objects = {

/* Begin PBXBuildFile section */
		871CF75B2A70FB2300B5EE4B /* AppDelegate.swift in Sources */ = {isa = PBXBuildFile; fileRef = 871CF75A2A70FB2300B5EE4B /* AppDelegate.swift */; };
		871CF75D2A70FB2300B5EE4B /* SceneDelegate.swift in Sources */ = {isa = PBXBuildFile; fileRef = 871CF75C2A70FB2300B5EE4B /* SceneDelegate.swift */; };
		871CF75F2A70FB2300B5EE4B /* ViewController.swift in Sources */ = {isa = PBXBuildFile; fileRef = 871CF75E2A70FB2300B5EE4B /* ViewController.swift */; };
		871CF7622A70FB2300B5EE4B /* Main.storyboard in Resources */ = {isa = PBXBuildFile; fileRef = 871CF7602A70FB2300B5EE4B /* Main.storyboard */; };
		871CF7642A70FB2400B5EE4B /* Assets.xcassets in Resources */ = {isa = PBXBuildFile; fileRef = 871CF7632A70FB2400B5EE4B /* Assets.xcassets */; };
		871CF7672A70FB2400B5EE4B /* LaunchScreen.storyboard in Resources */ = {isa = PBXBuildFile; fileRef = 871CF7652A70FB2400B5EE4B /* LaunchScreen.storyboard */; };
		871CF7722A70FB2400B5EE4B /* ChallengeTwoBlurHeaderTests.swift in Sources */ = {isa = PBXBuildFile; fileRef = 871CF7712A70FB2400B5EE4B /* ChallengeTwoBlurHeaderTests.swift */; };
		871CF77C2A70FB2400B5EE4B /* ChallengeTwoBlurHeaderUITests.swift in Sources */ = {isa = PBXBuildFile; fileRef = 871CF77B2A70FB2400B5EE4B /* ChallengeTwoBlurHeaderUITests.swift */; };
		871CF77E2A70FB2400B5EE4B /* ChallengeTwoBlurHeaderUITestsLaunchTests.swift in Sources */ = {isa = PBXBuildFile; fileRef = 871CF77D2A70FB2400B5EE4B /* ChallengeTwoBlurHeaderUITestsLaunchTests.swift */; };
/* End PBXBuildFile section */

/* Begin PBXContainerItemProxy section */
		871CF76E2A70FB2400B5EE4B /* PBXContainerItemProxy */ = {
			isa = PBXContainerItemProxy;
			containerPortal = 871CF74F2A70FB2300B5EE4B /* Project object */;
			proxyType = 1;
			remoteGlobalIDString = 871CF7562A70FB2300B5EE4B;
			remoteInfo = ChallengeTwoBlurHeader;
		};
		871CF7782A70FB2400B5EE4B /* PBXContainerItemProxy */ = {
			isa = PBXContainerItemProxy;
			containerPortal = 871CF74F2A70FB2300B5EE4B /* Project object */;
			proxyType = 1;
			remoteGlobalIDString = 871CF7562A70FB2300B5EE4B;
			remoteInfo = ChallengeTwoBlurHeader;
		};
/* End PBXContainerItemProxy section */

/* Begin PBXFileReference section */
		871CF7572A70FB2300B5EE4B /* ChallengeTwoBlurHeader.app */ = {isa = PBXFileReference; explicitFileType = wrapper.application; includeInIndex = 0; path = ChallengeTwoBlurHeader.app; sourceTree = BUILT_PRODUCTS_DIR; };
		871CF75A2A70FB2300B5EE4B /* AppDelegate.swift */ = {isa = PBXFileReference; lastKnownFileType = sourcecode.swift; path = AppDelegate.swift; sourceTree = "<group>"; };
		871CF75C2A70FB2300B5EE4B /* SceneDelegate.swift */ = {isa = PBXFileReference; lastKnownFileType = sourcecode.swift; path = SceneDelegate.swift; sourceTree = "<group>"; };
		871CF75E2A70FB2300B5EE4B /* ViewController.swift */ = {isa = PBXFileReference; lastKnownFileType = sourcecode.swift; path = ViewController.swift; sourceTree = "<group>"; };
		871CF7612A70FB2300B5EE4B /* Base */ = {isa = PBXFileReference; lastKnownFileType = file.storyboard; name = Base; path = Base.lproj/Main.storyboard; sourceTree = "<group>"; };
		871CF7632A70FB2400B5EE4B /* Assets.xcassets */ = {isa = PBXFileReference; lastKnownFileType = folder.assetcatalog; path = Assets.xcassets; sourceTree = "<group>"; };
		871CF7662A70FB2400B5EE4B /* Base */ = {isa = PBXFileReference; lastKnownFileType = file.storyboard; name = Base; path = Base.lproj/LaunchScreen.storyboard; sourceTree = "<group>"; };
		871CF7682A70FB2400B5EE4B /* Info.plist */ = {isa = PBXFileReference; lastKnownFileType = text.plist.xml; path = Info.plist; sourceTree = "<group>"; };
		871CF76D2A70FB2400B5EE4B /* ChallengeTwoBlurHeaderTests.xctest */ = {isa = PBXFileReference; explicitFileType = wrapper.cfbundle; includeInIndex = 0; path = ChallengeTwoBlurHeaderTests.xctest; sourceTree = BUILT_PRODUCTS_DIR; };
		871CF7712A70FB2400B5EE4B /* ChallengeTwoBlurHeaderTests.swift */ = {isa = PBXFileReference; lastKnownFileType = sourcecode.swift; path = ChallengeTwoBlurHeaderTests.swift; sourceTree = "<group>"; };
		871CF7772A70FB2400B5EE4B /* ChallengeTwoBlurHeaderUITests.xctest */ = {isa = PBXFileReference; explicitFileType = wrapper.cfbundle; includeInIndex = 0; path = ChallengeTwoBlurHeaderUITests.xctest; sourceTree = BUILT_PRODUCTS_DIR; };
		871CF77B2A70FB2400B5EE4B /* ChallengeTwoBlurHeaderUITests.swift */ = {isa = PBXFileReference; lastKnownFileType = sourcecode.swift; path = ChallengeTwoBlurHeaderUITests.swift; sourceTree = "<group>"; };
		871CF77D2A70FB2400B5EE4B /* ChallengeTwoBlurHeaderUITestsLaunchTests.swift */ = {isa = PBXFileReference; lastKnownFileType = sourcecode.swift; path = ChallengeTwoBlurHeaderUITestsLaunchTests.swift; sourceTree = "<group>"; };
/* End PBXFileReference section */

/* Begin PBXFrameworksBuildPhase section */
		871CF7542A70FB2300B5EE4B /* Frameworks */ = {
			isa = PBXFrameworksBuildPhase;
			buildActionMask = 2147483647;
			files = (
			);
			runOnlyForDeploymentPostprocessing = 0;
		};
		871CF76A2A70FB2400B5EE4B /* Frameworks */ = {
			isa = PBXFrameworksBuildPhase;
			buildActionMask = 2147483647;
			files = (
			);
			runOnlyForDeploymentPostprocessing = 0;
		};
		871CF7742A70FB2400B5EE4B /* Frameworks */ = {
			isa = PBXFrameworksBuildPhase;
			buildActionMask = 2147483647;
			files = (
			);
			runOnlyForDeploymentPostprocessing = 0;
		};
/* End PBXFrameworksBuildPhase section */

/* Begin PBXGroup section */
		871CF74E2A70FB2300B5EE4B = {
			isa = PBXGroup;
			children = (
				871CF7592A70FB2300B5EE4B /* ChallengeTwoBlurHeader */,
				871CF7702A70FB2400B5EE4B /* ChallengeTwoBlurHeaderTests */,
				871CF77A2A70FB2400B5EE4B /* ChallengeTwoBlurHeaderUITests */,
				871CF7582A70FB2300B5EE4B /* Products */,
			);
			sourceTree = "<group>";
		};
		871CF7582A70FB2300B5EE4B /* Products */ = {
			isa = PBXGroup;
			children = (
				871CF7572A70FB2300B5EE4B /* ChallengeTwoBlurHeader.app */,
				871CF76D2A70FB2400B5EE4B /* ChallengeTwoBlurHeaderTests.xctest */,
				871CF7772A70FB2400B5EE4B /* ChallengeTwoBlurHeaderUITests.xctest */,
			);
			name = Products;
			sourceTree = "<group>";
		};
		871CF7592A70FB2300B5EE4B /* ChallengeTwoBlurHeader */ = {
			isa = PBXGroup;
			children = (
				871CF75A2A70FB2300B5EE4B /* AppDelegate.swift */,
				871CF75C2A70FB2300B5EE4B /* SceneDelegate.swift */,
				871CF75E2A70FB2300B5EE4B /* ViewController.swift */,
				871CF7602A70FB2300B5EE4B /* Main.storyboard */,
				871CF7632A70FB2400B5EE4B /* Assets.xcassets */,
				871CF7652A70FB2400B5EE4B /* LaunchScreen.storyboard */,
				871CF7682A70FB2400B5EE4B /* Info.plist */,
			);
			path = ChallengeTwoBlurHeader;
			sourceTree = "<group>";
		};
		871CF7702A70FB2400B5EE4B /* ChallengeTwoBlurHeaderTests */ = {
			isa = PBXGroup;
			children = (
				871CF7712A70FB2400B5EE4B /* ChallengeTwoBlurHeaderTests.swift */,
			);
			path = ChallengeTwoBlurHeaderTests;
			sourceTree = "<group>";
		};
		871CF77A2A70FB2400B5EE4B /* ChallengeTwoBlurHeaderUITests */ = {
			isa = PBXGroup;
			children = (
				871CF77B2A70FB2400B5EE4B /* ChallengeTwoBlurHeaderUITests.swift */,
				871CF77D2A70FB2400B5EE4B /* ChallengeTwoBlurHeaderUITestsLaunchTests.swift */,
			);
			path = ChallengeTwoBlurHeaderUITests;
			sourceTree = "<group>";
		};
/* End PBXGroup section */

/* Begin PBXNativeTarget section */
		871CF7562A70FB2300B5EE4B /* ChallengeTwoBlurHeader */ = {
			isa = PBXNativeTarget;
			buildConfigurationList = 871CF7812A70FB2400B5EE4B /* Build configuration list for PBXNativeTarget "ChallengeTwoBlurHeader" */;
			buildPhases = (
				871CF7532A70FB2300B5EE4B /* Sources */,
				871CF7542A70FB2300B5EE4B /* Frameworks */,
				871CF7552A70FB2300B5EE4B /* Resources */,
			);
			buildRules = (
			);
			dependencies = (
			);
			name = ChallengeTwoBlurHeader;
			productName = ChallengeTwoBlurHeader;
			productReference = 871CF7572A70FB2300B5EE4B /* ChallengeTwoBlurHeader.app */;
			productType = "com.apple.product-type.application";
		};
		871CF76C2A70FB2400B5EE4B /* ChallengeTwoBlurHeaderTests */ = {
			isa = PBXNativeTarget;
			buildConfigurationList = 871CF7842A70FB2400B5EE4B /* Build configuration list for PBXNativeTarget "ChallengeTwoBlurHeaderTests" */;
			buildPhases = (
				871CF7692A70FB2400B5EE4B /* Sources */,
				871CF76A2A70FB2400B5EE4B /* Frameworks */,
				871CF76B2A70FB2400B5EE4B /* Resources */,
			);
			buildRules = (
			);
			dependencies = (
				871CF76F2A70FB2400B5EE4B /* PBXTargetDependency */,
			);
			name = ChallengeTwoBlurHeaderTests;
			productName = ChallengeTwoBlurHeaderTests;
			productReference = 871CF76D2A70FB2400B5EE4B /* ChallengeTwoBlurHeaderTests.xctest */;
			productType = "com.apple.product-type.bundle.unit-test";
		};
		871CF7762A70FB2400B5EE4B /* ChallengeTwoBlurHeaderUITests */ = {
			isa = PBXNativeTarget;
			buildConfigurationList = 871CF7872A70FB2400B5EE4B /* Build configuration list for PBXNativeTarget "ChallengeTwoBlurHeaderUITests" */;
			buildPhases = (
				871CF7732A70FB2400B5EE4B /* Sources */,
				871CF7742A70FB2400B5EE4B /* Frameworks */,
				871CF7752A70FB2400B5EE4B /* Resources */,
			);
			buildRules = (
			);
			dependencies = (
				871CF7792A70FB2400B5EE4B /* PBXTargetDependency */,
			);
			name = ChallengeTwoBlurHeaderUITests;
			productName = ChallengeTwoBlurHeaderUITests;
			productReference = 871CF7772A70FB2400B5EE4B /* ChallengeTwoBlurHeaderUITests.xctest */;
			productType = "com.apple.product-type.bundle.ui-testing";
		};
/* End PBXNativeTarget section */

/* Begin PBXProject section */
		871CF74F2A70FB2300B5EE4B /* Project object */ = {
			isa = PBXProject;
			attributes = {
				BuildIndependentTargetsInParallel = 1;
				LastSwiftUpdateCheck = 1430;
				LastUpgradeCheck = 1430;
				TargetAttributes = {
					871CF7562A70FB2300B5EE4B = {
						CreatedOnToolsVersion = 14.3.1;
					};
					871CF76C2A70FB2400B5EE4B = {
						CreatedOnToolsVersion = 14.3.1;
						TestTargetID = 871CF7562A70FB2300B5EE4B;
					};
					871CF7762A70FB2400B5EE4B = {
						CreatedOnToolsVersion = 14.3.1;
						TestTargetID = 871CF7562A70FB2300B5EE4B;
					};
				};
			};
			buildConfigurationList = 871CF7522A70FB2300B5EE4B /* Build configuration list for PBXProject "ChallengeTwoBlurHeader" */;
			compatibilityVersion = "Xcode 14.0";
			developmentRegion = en;
			hasScannedForEncodings = 0;
			knownRegions = (
				en,
				Base,
			);
			mainGroup = 871CF74E2A70FB2300B5EE4B;
			productRefGroup = 871CF7582A70FB2300B5EE4B /* Products */;
			projectDirPath = "";
			projectRoot = "";
			targets = (
				871CF7562A70FB2300B5EE4B /* ChallengeTwoBlurHeader */,
				871CF76C2A70FB2400B5EE4B /* ChallengeTwoBlurHeaderTests */,
				871CF7762A70FB2400B5EE4B /* ChallengeTwoBlurHeaderUITests */,
			);
		};
/* End PBXProject section */

/* Begin PBXResourcesBuildPhase section */
		871CF7552A70FB2300B5EE4B /* Resources */ = {
			isa = PBXResourcesBuildPhase;
			buildActionMask = 2147483647;
			files = (
				871CF7672A70FB2400B5EE4B /* LaunchScreen.storyboard in Resources */,
				871CF7642A70FB2400B5EE4B /* Assets.xcassets in Resources */,
				871CF7622A70FB2300B5EE4B /* Main.storyboard in Resources */,
			);
			runOnlyForDeploymentPostprocessing = 0;
		};
		871CF76B2A70FB2400B5EE4B /* Resources */ = {
			isa = PBXResourcesBuildPhase;
			buildActionMask = 2147483647;
			files = (
			);
			runOnlyForDeploymentPostprocessing = 0;
		};
		871CF7752A70FB2400B5EE4B /* Resources */ = {
			isa = PBXResourcesBuildPhase;
			buildActionMask = 2147483647;
			files = (
			);
			runOnlyForDeploymentPostprocessing = 0;
		};
/* End PBXResourcesBuildPhase section */

/* Begin PBXSourcesBuildPhase section */
		871CF7532A70FB2300B5EE4B /* Sources */ = {
			isa = PBXSourcesBuildPhase;
			buildActionMask = 2147483647;
			files = (
				871CF75F2A70FB2300B5EE4B /* ViewController.swift in Sources */,
				871CF75B2A70FB2300B5EE4B /* AppDelegate.swift in Sources */,
				871CF75D2A70FB2300B5EE4B /* SceneDelegate.swift in Sources */,
			);
			runOnlyForDeploymentPostprocessing = 0;
		};
		871CF7692A70FB2400B5EE4B /* Sources */ = {
			isa = PBXSourcesBuildPhase;
			buildActionMask = 2147483647;
			files = (
				871CF7722A70FB2400B5EE4B /* ChallengeTwoBlurHeaderTests.swift in Sources */,
			);
			runOnlyForDeploymentPostprocessing = 0;
		};
		871CF7732A70FB2400B5EE4B /* Sources */ = {
			isa = PBXSourcesBuildPhase;
			buildActionMask = 2147483647;
			files = (
				871CF77C2A70FB2400B5EE4B /* ChallengeTwoBlurHeaderUITests.swift in Sources */,
				871CF77E2A70FB2400B5EE4B /* ChallengeTwoBlurHeaderUITestsLaunchTests.swift in Sources */,
			);
			runOnlyForDeploymentPostprocessing = 0;
		};
/* End PBXSourcesBuildPhase section */

/* Begin PBXTargetDependency section */
		871CF76F2A70FB2400B5EE4B /* PBXTargetDependency */ = {
			isa = PBXTargetDependency;
			target = 871CF7562A70FB2300B5EE4B /* ChallengeTwoBlurHeader */;
			targetProxy = 871CF76E2A70FB2400B5EE4B /* PBXContainerItemProxy */;
		};
		871CF7792A70FB2400B5EE4B /* PBXTargetDependency */ = {
			isa = PBXTargetDependency;
			target = 871CF7562A70FB2300B5EE4B /* ChallengeTwoBlurHeader */;
			targetProxy = 871CF7782A70FB2400B5EE4B /* PBXContainerItemProxy */;
		};
/* End PBXTargetDependency section */

/* Begin PBXVariantGroup section */
		871CF7602A70FB2300B5EE4B /* Main.storyboard */ = {
			isa = PBXVariantGroup;
			children = (
				871CF7612A70FB2300B5EE4B /* Base */,
			);
			name = Main.storyboard;
			sourceTree = "<group>";
		};
		871CF7652A70FB2400B5EE4B /* LaunchScreen.storyboard */ = {
			isa = PBXVariantGroup;
			children = (
				871CF7662A70FB2400B5EE4B /* Base */,
			);
			name = LaunchScreen.storyboard;
			sourceTree = "<group>";
		};
/* End PBXVariantGroup section */

/* Begin XCBuildConfiguration section */
		871CF77F2A70FB2400B5EE4B /* Debug */ = {
			isa = XCBuildConfiguration;
			buildSettings = {
				ALWAYS_SEARCH_USER_PATHS = NO;
				CLANG_ANALYZER_NONNULL = YES;
				CLANG_ANALYZER_NUMBER_OBJECT_CONVERSION = YES_AGGRESSIVE;
				CLANG_CXX_LANGUAGE_STANDARD = "gnu++20";
				CLANG_ENABLE_MODULES = YES;
				CLANG_ENABLE_OBJC_ARC = YES;
				CLANG_ENABLE_OBJC_WEAK = YES;
				CLANG_WARN_BLOCK_CAPTURE_AUTORELEASING = YES;
				CLANG_WARN_BOOL_CONVERSION = YES;
				CLANG_WARN_COMMA = YES;
				CLANG_WARN_CONSTANT_CONVERSION = YES;
				CLANG_WARN_DEPRECATED_OBJC_IMPLEMENTATIONS = YES;
				CLANG_WARN_DIRECT_OBJC_ISA_USAGE = YES_ERROR;
				CLANG_WARN_DOCUMENTATION_COMMENTS = YES;
				CLANG_WARN_EMPTY_BODY = YES;
				CLANG_WARN_ENUM_CONVERSION = YES;
				CLANG_WARN_INFINITE_RECURSION = YES;
				CLANG_WARN_INT_CONVERSION = YES;
				CLANG_WARN_NON_LITERAL_NULL_CONVERSION = YES;
				CLANG_WARN_OBJC_IMPLICIT_RETAIN_SELF = YES;
				CLANG_WARN_OBJC_LITERAL_CONVERSION = YES;
				CLANG_WARN_OBJC_ROOT_CLASS = YES_ERROR;
				CLANG_WARN_QUOTED_INCLUDE_IN_FRAMEWORK_HEADER = YES;
				CLANG_WARN_RANGE_LOOP_ANALYSIS = YES;
				CLANG_WARN_STRICT_PROTOTYPES = YES;
				CLANG_WARN_SUSPICIOUS_MOVE = YES;
				CLANG_WARN_UNGUARDED_AVAILABILITY = YES_AGGRESSIVE;
				CLANG_WARN_UNREACHABLE_CODE = YES;
				CLANG_WARN__DUPLICATE_METHOD_MATCH = YES;
				COPY_PHASE_STRIP = NO;
				DEBUG_INFORMATION_FORMAT = dwarf;
				ENABLE_STRICT_OBJC_MSGSEND = YES;
				ENABLE_TESTABILITY = YES;
				GCC_C_LANGUAGE_STANDARD = gnu11;
				GCC_DYNAMIC_NO_PIC = NO;
				GCC_NO_COMMON_BLOCKS = YES;
				GCC_OPTIMIZATION_LEVEL = 0;
				GCC_PREPROCESSOR_DEFINITIONS = (
					"DEBUG=1",
					"$(inherited)",
				);
				GCC_WARN_64_TO_32_BIT_CONVERSION = YES;
				GCC_WARN_ABOUT_RETURN_TYPE = YES_ERROR;
				GCC_WARN_UNDECLARED_SELECTOR = YES;
				GCC_WARN_UNINITIALIZED_AUTOS = YES_AGGRESSIVE;
				GCC_WARN_UNUSED_FUNCTION = YES;
				GCC_WARN_UNUSED_VARIABLE = YES;
				IPHONEOS_DEPLOYMENT_TARGET = 16.4;
				MTL_ENABLE_DEBUG_INFO = INCLUDE_SOURCE;
				MTL_FAST_MATH = YES;
				ONLY_ACTIVE_ARCH = YES;
				SDKROOT = iphoneos;
				SWIFT_ACTIVE_COMPILATION_CONDITIONS = DEBUG;
				SWIFT_OPTIMIZATION_LEVEL = "-Onone";
			};
			name = Debug;
		};
		871CF7802A70FB2400B5EE4B /* Release */ = {
			isa = XCBuildConfiguration;
			buildSettings = {
				ALWAYS_SEARCH_USER_PATHS = NO;
				CLANG_ANALYZER_NONNULL = YES;
				CLANG_ANALYZER_NUMBER_OBJECT_CONVERSION = YES_AGGRESSIVE;
				CLANG_CXX_LANGUAGE_STANDARD = "gnu++20";
				CLANG_ENABLE_MODULES = YES;
				CLANG_ENABLE_OBJC_ARC = YES;
				CLANG_ENABLE_OBJC_WEAK = YES;
				CLANG_WARN_BLOCK_CAPTURE_AUTORELEASING = YES;
				CLANG_WARN_BOOL_CONVERSION = YES;
				CLANG_WARN_COMMA = YES;
				CLANG_WARN_CONSTANT_CONVERSION = YES;
				CLANG_WARN_DEPRECATED_OBJC_IMPLEMENTATIONS = YES;
				CLANG_WARN_DIRECT_OBJC_ISA_USAGE = YES_ERROR;
				CLANG_WARN_DOCUMENTATION_COMMENTS = YES;
				CLANG_WARN_EMPTY_BODY = YES;
				CLANG_WARN_ENUM_CONVERSION = YES;
				CLANG_WARN_INFINITE_RECURSION = YES;
				CLANG_WARN_INT_CONVERSION = YES;
				CLANG_WARN_NON_LITERAL_NULL_CONVERSION = YES;
				CLANG_WARN_OBJC_IMPLICIT_RETAIN_SELF = YES;
				CLANG_WARN_OBJC_LITERAL_CONVERSION = YES;
				CLANG_WARN_OBJC_ROOT_CLASS = YES_ERROR;
				CLANG_WARN_QUOTED_INCLUDE_IN_FRAMEWORK_HEADER = YES;
				CLANG_WARN_RANGE_LOOP_ANALYSIS = YES;
				CLANG_WARN_STRICT_PROTOTYPES = YES;
				CLANG_WARN_SUSPICIOUS_MOVE = YES;
				CLANG_WARN_UNGUARDED_AVAILABILITY = YES_AGGRESSIVE;
				CLANG_WARN_UNREACHABLE_CODE = YES;
				CLANG_WARN__DUPLICATE_METHOD_MATCH = YES;
				COPY_PHASE_STRIP = NO;
				DEBUG_INFORMATION_FORMAT = "dwarf-with-dsym";
				ENABLE_NS_ASSERTIONS = NO;
				ENABLE_STRICT_OBJC_MSGSEND = YES;
				GCC_C_LANGUAGE_STANDARD = gnu11;
				GCC_NO_COMMON_BLOCKS = YES;
				GCC_WARN_64_TO_32_BIT_CONVERSION = YES;
				GCC_WARN_ABOUT_RETURN_TYPE = YES_ERROR;
				GCC_WARN_UNDECLARED_SELECTOR = YES;
				GCC_WARN_UNINITIALIZED_AUTOS = YES_AGGRESSIVE;
				GCC_WARN_UNUSED_FUNCTION = YES;
				GCC_WARN_UNUSED_VARIABLE = YES;
				IPHONEOS_DEPLOYMENT_TARGET = 16.4;
				MTL_ENABLE_DEBUG_INFO = NO;
				MTL_FAST_MATH = YES;
				SDKROOT = iphoneos;
				SWIFT_COMPILATION_MODE = wholemodule;
				SWIFT_OPTIMIZATION_LEVEL = "-O";
				VALIDATE_PRODUCT = YES;
			};
			name = Release;
		};
		871CF7822A70FB2400B5EE4B /* Debug */ = {
			isa = XCBuildConfiguration;
			buildSettings = {
				ASSETCATALOG_COMPILER_APPICON_NAME = AppIcon;
				ASSETCATALOG_COMPILER_GLOBAL_ACCENT_COLOR_NAME = AccentColor;
				CODE_SIGN_STYLE = Automatic;
				CURRENT_PROJECT_VERSION = 1;
				DEVELOPMENT_TEAM = A3ZD8QD55M;
				GENERATE_INFOPLIST_FILE = YES;
				INFOPLIST_FILE = ChallengeTwoBlurHeader/Info.plist;
				INFOPLIST_KEY_UIApplicationSupportsIndirectInputEvents = YES;
				INFOPLIST_KEY_UILaunchStoryboardName = LaunchScreen;
				INFOPLIST_KEY_UIMainStoryboardFile = Main;
				INFOPLIST_KEY_UISupportedInterfaceOrientations_iPad = "UIInterfaceOrientationPortrait UIInterfaceOrientationPortraitUpsideDown UIInterfaceOrientationLandscapeLeft UIInterfaceOrientationLandscapeRight";
				INFOPLIST_KEY_UISupportedInterfaceOrientations_iPhone = "UIInterfaceOrientationPortrait UIInterfaceOrientationLandscapeLeft UIInterfaceOrientationLandscapeRight";
				LD_RUNPATH_SEARCH_PATHS = (
					"$(inherited)",
					"@executable_path/Frameworks",
				);
				MARKETING_VERSION = 1.0;
				PRODUCT_BUNDLE_IDENTIFIER = com.raulbanut.ChallengeTwoBlurHeader;
				PRODUCT_NAME = "$(TARGET_NAME)";
				SWIFT_EMIT_LOC_STRINGS = YES;
				SWIFT_VERSION = 5.0;
				TARGETED_DEVICE_FAMILY = "1,2";
			};
			name = Debug;
		};
		871CF7832A70FB2400B5EE4B /* Release */ = {
			isa = XCBuildConfiguration;
			buildSettings = {
				ASSETCATALOG_COMPILER_APPICON_NAME = AppIcon;
				ASSETCATALOG_COMPILER_GLOBAL_ACCENT_COLOR_NAME = AccentColor;
				CODE_SIGN_STYLE = Automatic;
				CURRENT_PROJECT_VERSION = 1;
				DEVELOPMENT_TEAM = A3ZD8QD55M;
				GENERATE_INFOPLIST_FILE = YES;
				INFOPLIST_FILE = ChallengeTwoBlurHeader/Info.plist;
				INFOPLIST_KEY_UIApplicationSupportsIndirectInputEvents = YES;
				INFOPLIST_KEY_UILaunchStoryboardName = LaunchScreen;
				INFOPLIST_KEY_UIMainStoryboardFile = Main;
				INFOPLIST_KEY_UISupportedInterfaceOrientations_iPad = "UIInterfaceOrientationPortrait UIInterfaceOrientationPortraitUpsideDown UIInterfaceOrientationLandscapeLeft UIInterfaceOrientationLandscapeRight";
				INFOPLIST_KEY_UISupportedInterfaceOrientations_iPhone = "UIInterfaceOrientationPortrait UIInterfaceOrientationLandscapeLeft UIInterfaceOrientationLandscapeRight";
				LD_RUNPATH_SEARCH_PATHS = (
					"$(inherited)",
					"@executable_path/Frameworks",
				);
				MARKETING_VERSION = 1.0;
				PRODUCT_BUNDLE_IDENTIFIER = com.raulbanut.ChallengeTwoBlurHeader;
				PRODUCT_NAME = "$(TARGET_NAME)";
				SWIFT_EMIT_LOC_STRINGS = YES;
				SWIFT_VERSION = 5.0;
				TARGETED_DEVICE_FAMILY = "1,2";
			};
			name = Release;
		};
		871CF7852A70FB2400B5EE4B /* Debug */ = {
			isa = XCBuildConfiguration;
			buildSettings = {
				ALWAYS_EMBED_SWIFT_STANDARD_LIBRARIES = YES;
				BUNDLE_LOADER = "$(TEST_HOST)";
				CODE_SIGN_STYLE = Automatic;
				CURRENT_PROJECT_VERSION = 1;
				DEVELOPMENT_TEAM = A3ZD8QD55M;
				GENERATE_INFOPLIST_FILE = YES;
				IPHONEOS_DEPLOYMENT_TARGET = 16.4;
				MARKETING_VERSION = 1.0;
				PRODUCT_BUNDLE_IDENTIFIER = com.raulbanut.ChallengeTwoBlurHeaderTests;
				PRODUCT_NAME = "$(TARGET_NAME)";
				SWIFT_EMIT_LOC_STRINGS = NO;
				SWIFT_VERSION = 5.0;
				TARGETED_DEVICE_FAMILY = "1,2";
				TEST_HOST = "$(BUILT_PRODUCTS_DIR)/ChallengeTwoBlurHeader.app/$(BUNDLE_EXECUTABLE_FOLDER_PATH)/ChallengeTwoBlurHeader";
			};
			name = Debug;
		};
		871CF7862A70FB2400B5EE4B /* Release */ = {
			isa = XCBuildConfiguration;
			buildSettings = {
				ALWAYS_EMBED_SWIFT_STANDARD_LIBRARIES = YES;
				BUNDLE_LOADER = "$(TEST_HOST)";
				CODE_SIGN_STYLE = Automatic;
				CURRENT_PROJECT_VERSION = 1;
				DEVELOPMENT_TEAM = A3ZD8QD55M;
				GENERATE_INFOPLIST_FILE = YES;
				IPHONEOS_DEPLOYMENT_TARGET = 16.4;
				MARKETING_VERSION = 1.0;
				PRODUCT_BUNDLE_IDENTIFIER = com.raulbanut.ChallengeTwoBlurHeaderTests;
				PRODUCT_NAME = "$(TARGET_NAME)";
				SWIFT_EMIT_LOC_STRINGS = NO;
				SWIFT_VERSION = 5.0;
				TARGETED_DEVICE_FAMILY = "1,2";
				TEST_HOST = "$(BUILT_PRODUCTS_DIR)/ChallengeTwoBlurHeader.app/$(BUNDLE_EXECUTABLE_FOLDER_PATH)/ChallengeTwoBlurHeader";
			};
			name = Release;
		};
		871CF7882A70FB2400B5EE4B /* Debug */ = {
			isa = XCBuildConfiguration;
			buildSettings = {
				ALWAYS_EMBED_SWIFT_STANDARD_LIBRARIES = YES;
				CODE_SIGN_STYLE = Automatic;
				CURRENT_PROJECT_VERSION = 1;
				DEVELOPMENT_TEAM = A3ZD8QD55M;
				GENERATE_INFOPLIST_FILE = YES;
				MARKETING_VERSION = 1.0;
				PRODUCT_BUNDLE_IDENTIFIER = com.raulbanut.ChallengeTwoBlurHeaderUITests;
				PRODUCT_NAME = "$(TARGET_NAME)";
				SWIFT_EMIT_LOC_STRINGS = NO;
				SWIFT_VERSION = 5.0;
				TARGETED_DEVICE_FAMILY = "1,2";
				TEST_TARGET_NAME = ChallengeTwoBlurHeader;
			};
			name = Debug;
		};
		871CF7892A70FB2400B5EE4B /* Release */ = {
			isa = XCBuildConfiguration;
			buildSettings = {
				ALWAYS_EMBED_SWIFT_STANDARD_LIBRARIES = YES;
				CODE_SIGN_STYLE = Automatic;
				CURRENT_PROJECT_VERSION = 1;
				DEVELOPMENT_TEAM = A3ZD8QD55M;
				GENERATE_INFOPLIST_FILE = YES;
				MARKETING_VERSION = 1.0;
				PRODUCT_BUNDLE_IDENTIFIER = com.raulbanut.ChallengeTwoBlurHeaderUITests;
				PRODUCT_NAME = "$(TARGET_NAME)";
				SWIFT_EMIT_LOC_STRINGS = NO;
				SWIFT_VERSION = 5.0;
				TARGETED_DEVICE_FAMILY = "1,2";
				TEST_TARGET_NAME = ChallengeTwoBlurHeader;
			};
			name = Release;
		};
/* End XCBuildConfiguration section */

/* Begin XCConfigurationList section */
		871CF7522A70FB2300B5EE4B /* Build configuration list for PBXProject "ChallengeTwoBlurHeader" */ = {
			isa = XCConfigurationList;
			buildConfigurations = (
				871CF77F2A70FB2400B5EE4B /* Debug */,
				871CF7802A70FB2400B5EE4B /* Release */,
			);
			defaultConfigurationIsVisible = 0;
			defaultConfigurationName = Release;
		};
		871CF7812A70FB2400B5EE4B /* Build configuration list for PBXNativeTarget "ChallengeTwoBlurHeader" */ = {
			isa = XCConfigurationList;
			buildConfigurations = (
				871CF7822A70FB2400B5EE4B /* Debug */,
				871CF7832A70FB2400B5EE4B /* Release */,
			);
			defaultConfigurationIsVisible = 0;
			defaultConfigurationName = Release;
		};
		871CF7842A70FB2400B5EE4B /* Build configuration list for PBXNativeTarget "ChallengeTwoBlurHeaderTests" */ = {
			isa = XCConfigurationList;
			buildConfigurations = (
				871CF7852A70FB2400B5EE4B /* Debug */,
				871CF7862A70FB2400B5EE4B /* Release */,
			);
			defaultConfigurationIsVisible = 0;
			defaultConfigurationName = Release;
		};
		871CF7872A70FB2400B5EE4B /* Build configuration list for PBXNativeTarget "ChallengeTwoBlurHeaderUITests" */ = {
			isa = XCConfigurationList;
			buildConfigurations = (
				871CF7882A70FB2400B5EE4B /* Debug */,
				871CF7892A70FB2400B5EE4B /* Release */,
			);
			defaultConfigurationIsVisible = 0;
			defaultConfigurationName = Release;
		};
/* End XCConfigurationList section */
	};
	rootObject = 871CF74F2A70FB2300B5EE4B /* Project object */;
}
