// !$*UTF8*$!
{
	archiveVersion = 1;
	classes = {
	};
	objectVersion = 56;
	objects = {

/* Begin PBXBuildFile section */
		871CF60F2A651AB300B5EE4B /* AppDelegate.swift in Sources */ = {isa = PBXBuildFile; fileRef = 871CF60E2A651AB300B5EE4B /* AppDelegate.swift */; };
		871CF6112A651AB300B5EE4B /* SceneDelegate.swift in Sources */ = {isa = PBXBuildFile; fileRef = 871CF6102A651AB300B5EE4B /* SceneDelegate.swift */; };
		871CF6132A651AB300B5EE4B /* ViewController.swift in Sources */ = {isa = PBXBuildFile; fileRef = 871CF6122A651AB300B5EE4B /* ViewController.swift */; };
		871CF6162A651AB300B5EE4B /* Main.storyboard in Resources */ = {isa = PBXBuildFile; fileRef = 871CF6142A651AB300B5EE4B /* Main.storyboard */; };
		871CF6182A651AB400B5EE4B /* Assets.xcassets in Resources */ = {isa = PBXBuildFile; fileRef = 871CF6172A651AB400B5EE4B /* Assets.xcassets */; };
		871CF61B2A651AB400B5EE4B /* LaunchScreen.storyboard in Resources */ = {isa = PBXBuildFile; fileRef = 871CF6192A651AB400B5EE4B /* LaunchScreen.storyboard */; };
		871CF6262A651AB400B5EE4B /* BuggyTests.swift in Sources */ = {isa = PBXBuildFile; fileRef = 871CF6252A651AB400B5EE4B /* BuggyTests.swift */; };
		871CF6302A651AB400B5EE4B /* BuggyUITests.swift in Sources */ = {isa = PBXBuildFile; fileRef = 871CF62F2A651AB400B5EE4B /* BuggyUITests.swift */; };
		871CF6322A651AB400B5EE4B /* BuggyUITestsLaunchTests.swift in Sources */ = {isa = PBXBuildFile; fileRef = 871CF6312A651AB400B5EE4B /* BuggyUITestsLaunchTests.swift */; };
/* End PBXBuildFile section */

/* Begin PBXContainerItemProxy section */
		871CF6222A651AB400B5EE4B /* PBXContainerItemProxy */ = {
			isa = PBXContainerItemProxy;
			containerPortal = 871CF6032A651AB300B5EE4B /* Project object */;
			proxyType = 1;
			remoteGlobalIDString = 871CF60A2A651AB300B5EE4B;
			remoteInfo = Buggy;
		};
		871CF62C2A651AB400B5EE4B /* PBXContainerItemProxy */ = {
			isa = PBXContainerItemProxy;
			containerPortal = 871CF6032A651AB300B5EE4B /* Project object */;
			proxyType = 1;
			remoteGlobalIDString = 871CF60A2A651AB300B5EE4B;
			remoteInfo = Buggy;
		};
/* End PBXContainerItemProxy section */

/* Begin PBXFileReference section */
		871CF60B2A651AB300B5EE4B /* Buggy.app */ = {isa = PBXFileReference; explicitFileType = wrapper.application; includeInIndex = 0; path = Buggy.app; sourceTree = BUILT_PRODUCTS_DIR; };
		871CF60E2A651AB300B5EE4B /* AppDelegate.swift */ = {isa = PBXFileReference; lastKnownFileType = sourcecode.swift; path = AppDelegate.swift; sourceTree = "<group>"; };
		871CF6102A651AB300B5EE4B /* SceneDelegate.swift */ = {isa = PBXFileReference; lastKnownFileType = sourcecode.swift; path = SceneDelegate.swift; sourceTree = "<group>"; };
		871CF6122A651AB300B5EE4B /* ViewController.swift */ = {isa = PBXFileReference; lastKnownFileType = sourcecode.swift; path = ViewController.swift; sourceTree = "<group>"; };
		871CF6152A651AB300B5EE4B /* Base */ = {isa = PBXFileReference; lastKnownFileType = file.storyboard; name = Base; path = Base.lproj/Main.storyboard; sourceTree = "<group>"; };
		871CF6172A651AB400B5EE4B /* Assets.xcassets */ = {isa = PBXFileReference; lastKnownFileType = folder.assetcatalog; path = Assets.xcassets; sourceTree = "<group>"; };
		871CF61A2A651AB400B5EE4B /* Base */ = {isa = PBXFileReference; lastKnownFileType = file.storyboard; name = Base; path = Base.lproj/LaunchScreen.storyboard; sourceTree = "<group>"; };
		871CF61C2A651AB400B5EE4B /* Info.plist */ = {isa = PBXFileReference; lastKnownFileType = text.plist.xml; path = Info.plist; sourceTree = "<group>"; };
		871CF6212A651AB400B5EE4B /* BuggyTests.xctest */ = {isa = PBXFileReference; explicitFileType = wrapper.cfbundle; includeInIndex = 0; path = BuggyTests.xctest; sourceTree = BUILT_PRODUCTS_DIR; };
		871CF6252A651AB400B5EE4B /* BuggyTests.swift */ = {isa = PBXFileReference; lastKnownFileType = sourcecode.swift; path = BuggyTests.swift; sourceTree = "<group>"; };
		871CF62B2A651AB400B5EE4B /* BuggyUITests.xctest */ = {isa = PBXFileReference; explicitFileType = wrapper.cfbundle; includeInIndex = 0; path = BuggyUITests.xctest; sourceTree = BUILT_PRODUCTS_DIR; };
		871CF62F2A651AB400B5EE4B /* BuggyUITests.swift */ = {isa = PBXFileReference; lastKnownFileType = sourcecode.swift; path = BuggyUITests.swift; sourceTree = "<group>"; };
		871CF6312A651AB400B5EE4B /* BuggyUITestsLaunchTests.swift */ = {isa = PBXFileReference; lastKnownFileType = sourcecode.swift; path = BuggyUITestsLaunchTests.swift; sourceTree = "<group>"; };
/* End PBXFileReference section */

/* Begin PBXFrameworksBuildPhase section */
		871CF6082A651AB300B5EE4B /* Frameworks */ = {
			isa = PBXFrameworksBuildPhase;
			buildActionMask = 2147483647;
			files = (
			);
			runOnlyForDeploymentPostprocessing = 0;
		};
		871CF61E2A651AB400B5EE4B /* Frameworks */ = {
			isa = PBXFrameworksBuildPhase;
			buildActionMask = 2147483647;
			files = (
			);
			runOnlyForDeploymentPostprocessing = 0;
		};
		871CF6282A651AB400B5EE4B /* Frameworks */ = {
			isa = PBXFrameworksBuildPhase;
			buildActionMask = 2147483647;
			files = (
			);
			runOnlyForDeploymentPostprocessing = 0;
		};
/* End PBXFrameworksBuildPhase section */

/* Begin PBXGroup section */
		871CF6022A651AB300B5EE4B = {
			isa = PBXGroup;
			children = (
				871CF60D2A651AB300B5EE4B /* Buggy */,
				871CF6242A651AB400B5EE4B /* BuggyTests */,
				871CF62E2A651AB400B5EE4B /* BuggyUITests */,
				871CF60C2A651AB300B5EE4B /* Products */,
			);
			sourceTree = "<group>";
		};
		871CF60C2A651AB300B5EE4B /* Products */ = {
			isa = PBXGroup;
			children = (
				871CF60B2A651AB300B5EE4B /* Buggy.app */,
				871CF6212A651AB400B5EE4B /* BuggyTests.xctest */,
				871CF62B2A651AB400B5EE4B /* BuggyUITests.xctest */,
			);
			name = Products;
			sourceTree = "<group>";
		};
		871CF60D2A651AB300B5EE4B /* Buggy */ = {
			isa = PBXGroup;
			children = (
				871CF60E2A651AB300B5EE4B /* AppDelegate.swift */,
				871CF6102A651AB300B5EE4B /* SceneDelegate.swift */,
				871CF6122A651AB300B5EE4B /* ViewController.swift */,
				871CF6142A651AB300B5EE4B /* Main.storyboard */,
				871CF6172A651AB400B5EE4B /* Assets.xcassets */,
				871CF6192A651AB400B5EE4B /* LaunchScreen.storyboard */,
				871CF61C2A651AB400B5EE4B /* Info.plist */,
			);
			path = Buggy;
			sourceTree = "<group>";
		};
		871CF6242A651AB400B5EE4B /* BuggyTests */ = {
			isa = PBXGroup;
			children = (
				871CF6252A651AB400B5EE4B /* BuggyTests.swift */,
			);
			path = BuggyTests;
			sourceTree = "<group>";
		};
		871CF62E2A651AB400B5EE4B /* BuggyUITests */ = {
			isa = PBXGroup;
			children = (
				871CF62F2A651AB400B5EE4B /* BuggyUITests.swift */,
				871CF6312A651AB400B5EE4B /* BuggyUITestsLaunchTests.swift */,
			);
			path = BuggyUITests;
			sourceTree = "<group>";
		};
/* End PBXGroup section */

/* Begin PBXNativeTarget section */
		871CF60A2A651AB300B5EE4B /* Buggy */ = {
			isa = PBXNativeTarget;
			buildConfigurationList = 871CF6352A651AB400B5EE4B /* Build configuration list for PBXNativeTarget "Buggy" */;
			buildPhases = (
				871CF6072A651AB300B5EE4B /* Sources */,
				871CF6082A651AB300B5EE4B /* Frameworks */,
				871CF6092A651AB300B5EE4B /* Resources */,
			);
			buildRules = (
			);
			dependencies = (
			);
			name = Buggy;
			productName = Buggy;
			productReference = 871CF60B2A651AB300B5EE4B /* Buggy.app */;
			productType = "com.apple.product-type.application";
		};
		871CF6202A651AB400B5EE4B /* BuggyTests */ = {
			isa = PBXNativeTarget;
			buildConfigurationList = 871CF6382A651AB400B5EE4B /* Build configuration list for PBXNativeTarget "BuggyTests" */;
			buildPhases = (
				871CF61D2A651AB400B5EE4B /* Sources */,
				871CF61E2A651AB400B5EE4B /* Frameworks */,
				871CF61F2A651AB400B5EE4B /* Resources */,
			);
			buildRules = (
			);
			dependencies = (
				871CF6232A651AB400B5EE4B /* PBXTargetDependency */,
			);
			name = BuggyTests;
			productName = BuggyTests;
			productReference = 871CF6212A651AB400B5EE4B /* BuggyTests.xctest */;
			productType = "com.apple.product-type.bundle.unit-test";
		};
		871CF62A2A651AB400B5EE4B /* BuggyUITests */ = {
			isa = PBXNativeTarget;
			buildConfigurationList = 871CF63B2A651AB400B5EE4B /* Build configuration list for PBXNativeTarget "BuggyUITests" */;
			buildPhases = (
				871CF6272A651AB400B5EE4B /* Sources */,
				871CF6282A651AB400B5EE4B /* Frameworks */,
				871CF6292A651AB400B5EE4B /* Resources */,
			);
			buildRules = (
			);
			dependencies = (
				871CF62D2A651AB400B5EE4B /* PBXTargetDependency */,
			);
			name = BuggyUITests;
			productName = BuggyUITests;
			productReference = 871CF62B2A651AB400B5EE4B /* BuggyUITests.xctest */;
			productType = "com.apple.product-type.bundle.ui-testing";
		};
/* End PBXNativeTarget section */

/* Begin PBXProject section */
		871CF6032A651AB300B5EE4B /* Project object */ = {
			isa = PBXProject;
			attributes = {
				BuildIndependentTargetsInParallel = 1;
				LastSwiftUpdateCheck = 1430;
				LastUpgradeCheck = 1430;
				TargetAttributes = {
					871CF60A2A651AB300B5EE4B = {
						CreatedOnToolsVersion = 14.3.1;
					};
					871CF6202A651AB400B5EE4B = {
						CreatedOnToolsVersion = 14.3.1;
						TestTargetID = 871CF60A2A651AB300B5EE4B;
					};
					871CF62A2A651AB400B5EE4B = {
						CreatedOnToolsVersion = 14.3.1;
						TestTargetID = 871CF60A2A651AB300B5EE4B;
					};
				};
			};
			buildConfigurationList = 871CF6062A651AB300B5EE4B /* Build configuration list for PBXProject "Buggy" */;
			compatibilityVersion = "Xcode 14.0";
			developmentRegion = en;
			hasScannedForEncodings = 0;
			knownRegions = (
				en,
				Base,
			);
			mainGroup = 871CF6022A651AB300B5EE4B;
			productRefGroup = 871CF60C2A651AB300B5EE4B /* Products */;
			projectDirPath = "";
			projectRoot = "";
			targets = (
				871CF60A2A651AB300B5EE4B /* Buggy */,
				871CF6202A651AB400B5EE4B /* BuggyTests */,
				871CF62A2A651AB400B5EE4B /* BuggyUITests */,
			);
		};
/* End PBXProject section */

/* Begin PBXResourcesBuildPhase section */
		871CF6092A651AB300B5EE4B /* Resources */ = {
			isa = PBXResourcesBuildPhase;
			buildActionMask = 2147483647;
			files = (
				871CF61B2A651AB400B5EE4B /* LaunchScreen.storyboard in Resources */,
				871CF6182A651AB400B5EE4B /* Assets.xcassets in Resources */,
				871CF6162A651AB300B5EE4B /* Main.storyboard in Resources */,
			);
			runOnlyForDeploymentPostprocessing = 0;
		};
		871CF61F2A651AB400B5EE4B /* Resources */ = {
			isa = PBXResourcesBuildPhase;
			buildActionMask = 2147483647;
			files = (
			);
			runOnlyForDeploymentPostprocessing = 0;
		};
		871CF6292A651AB400B5EE4B /* Resources */ = {
			isa = PBXResourcesBuildPhase;
			buildActionMask = 2147483647;
			files = (
			);
			runOnlyForDeploymentPostprocessing = 0;
		};
/* End PBXResourcesBuildPhase section */

/* Begin PBXSourcesBuildPhase section */
		871CF6072A651AB300B5EE4B /* Sources */ = {
			isa = PBXSourcesBuildPhase;
			buildActionMask = 2147483647;
			files = (
				871CF6132A651AB300B5EE4B /* ViewController.swift in Sources */,
				871CF60F2A651AB300B5EE4B /* AppDelegate.swift in Sources */,
				871CF6112A651AB300B5EE4B /* SceneDelegate.swift in Sources */,
			);
			runOnlyForDeploymentPostprocessing = 0;
		};
		871CF61D2A651AB400B5EE4B /* Sources */ = {
			isa = PBXSourcesBuildPhase;
			buildActionMask = 2147483647;
			files = (
				871CF6262A651AB400B5EE4B /* BuggyTests.swift in Sources */,
			);
			runOnlyForDeploymentPostprocessing = 0;
		};
		871CF6272A651AB400B5EE4B /* Sources */ = {
			isa = PBXSourcesBuildPhase;
			buildActionMask = 2147483647;
			files = (
				871CF6302A651AB400B5EE4B /* BuggyUITests.swift in Sources */,
				871CF6322A651AB400B5EE4B /* BuggyUITestsLaunchTests.swift in Sources */,
			);
			runOnlyForDeploymentPostprocessing = 0;
		};
/* End PBXSourcesBuildPhase section */

/* Begin PBXTargetDependency section */
		871CF6232A651AB400B5EE4B /* PBXTargetDependency */ = {
			isa = PBXTargetDependency;
			target = 871CF60A2A651AB300B5EE4B /* Buggy */;
			targetProxy = 871CF6222A651AB400B5EE4B /* PBXContainerItemProxy */;
		};
		871CF62D2A651AB400B5EE4B /* PBXTargetDependency */ = {
			isa = PBXTargetDependency;
			target = 871CF60A2A651AB300B5EE4B /* Buggy */;
			targetProxy = 871CF62C2A651AB400B5EE4B /* PBXContainerItemProxy */;
		};
/* End PBXTargetDependency section */

/* Begin PBXVariantGroup section */
		871CF6142A651AB300B5EE4B /* Main.storyboard */ = {
			isa = PBXVariantGroup;
			children = (
				871CF6152A651AB300B5EE4B /* Base */,
			);
			name = Main.storyboard;
			sourceTree = "<group>";
		};
		871CF6192A651AB400B5EE4B /* LaunchScreen.storyboard */ = {
			isa = PBXVariantGroup;
			children = (
				871CF61A2A651AB400B5EE4B /* Base */,
			);
			name = LaunchScreen.storyboard;
			sourceTree = "<group>";
		};
/* End PBXVariantGroup section */

/* Begin XCBuildConfiguration section */
		871CF6332A651AB400B5EE4B /* Debug */ = {
			isa = XCBuildConfiguration;
			buildSettings = {
				ALWAYS_SEARCH_USER_PATHS = NO;
				CLANG_ANALYZER_NONNULL = YES;
				CLANG_ANALYZER_NUMBER_OBJECT_CONVERSION = YES_AGGRESSIVE;
				CLANG_CXX_LANGUAGE_STANDARD = "gnu++20";
				CLANG_ENABLE_MODULES = YES;
				CLANG_ENABLE_OBJC_ARC = YES;
				CLANG_ENABLE_OBJC_WEAK = YES;
				CLANG_WARN_BLOCK_CAPTURE_AUTORELEASING = YES;
				CLANG_WARN_BOOL_CONVERSION = YES;
				CLANG_WARN_COMMA = YES;
				CLANG_WARN_CONSTANT_CONVERSION = YES;
				CLANG_WARN_DEPRECATED_OBJC_IMPLEMENTATIONS = YES;
				CLANG_WARN_DIRECT_OBJC_ISA_USAGE = YES_ERROR;
				CLANG_WARN_DOCUMENTATION_COMMENTS = YES;
				CLANG_WARN_EMPTY_BODY = YES;
				CLANG_WARN_ENUM_CONVERSION = YES;
				CLANG_WARN_INFINITE_RECURSION = YES;
				CLANG_WARN_INT_CONVERSION = YES;
				CLANG_WARN_NON_LITERAL_NULL_CONVERSION = YES;
				CLANG_WARN_OBJC_IMPLICIT_RETAIN_SELF = YES;
				CLANG_WARN_OBJC_LITERAL_CONVERSION = YES;
				CLANG_WARN_OBJC_ROOT_CLASS = YES_ERROR;
				CLANG_WARN_QUOTED_INCLUDE_IN_FRAMEWORK_HEADER = YES;
				CLANG_WARN_RANGE_LOOP_ANALYSIS = YES;
				CLANG_WARN_STRICT_PROTOTYPES = YES;
				CLANG_WARN_SUSPICIOUS_MOVE = YES;
				CLANG_WARN_UNGUARDED_AVAILABILITY = YES_AGGRESSIVE;
				CLANG_WARN_UNREACHABLE_CODE = YES;
				CLANG_WARN__DUPLICATE_METHOD_MATCH = YES;
				COPY_PHASE_STRIP = NO;
				DEBUG_INFORMATION_FORMAT = dwarf;
				ENABLE_STRICT_OBJC_MSGSEND = YES;
				ENABLE_TESTABILITY = YES;
				GCC_C_LANGUAGE_STANDARD = gnu11;
				GCC_DYNAMIC_NO_PIC = NO;
				GCC_NO_COMMON_BLOCKS = YES;
				GCC_OPTIMIZATION_LEVEL = 0;
				GCC_PREPROCESSOR_DEFINITIONS = (
					"DEBUG=1",
					"$(inherited)",
				);
				GCC_WARN_64_TO_32_BIT_CONVERSION = YES;
				GCC_WARN_ABOUT_RETURN_TYPE = YES_ERROR;
				GCC_WARN_UNDECLARED_SELECTOR = YES;
				GCC_WARN_UNINITIALIZED_AUTOS = YES_AGGRESSIVE;
				GCC_WARN_UNUSED_FUNCTION = YES;
				GCC_WARN_UNUSED_VARIABLE = YES;
				IPHONEOS_DEPLOYMENT_TARGET = 16.4;
				MTL_ENABLE_DEBUG_INFO = INCLUDE_SOURCE;
				MTL_FAST_MATH = YES;
				ONLY_ACTIVE_ARCH = YES;
				SDKROOT = iphoneos;
				SWIFT_ACTIVE_COMPILATION_CONDITIONS = DEBUG;
				SWIFT_OPTIMIZATION_LEVEL = "-Onone";
			};
			name = Debug;
		};
		871CF6342A651AB400B5EE4B /* Release */ = {
			isa = XCBuildConfiguration;
			buildSettings = {
				ALWAYS_SEARCH_USER_PATHS = NO;
				CLANG_ANALYZER_NONNULL = YES;
				CLANG_ANALYZER_NUMBER_OBJECT_CONVERSION = YES_AGGRESSIVE;
				CLANG_CXX_LANGUAGE_STANDARD = "gnu++20";
				CLANG_ENABLE_MODULES = YES;
				CLANG_ENABLE_OBJC_ARC = YES;
				CLANG_ENABLE_OBJC_WEAK = YES;
				CLANG_WARN_BLOCK_CAPTURE_AUTORELEASING = YES;
				CLANG_WARN_BOOL_CONVERSION = YES;
				CLANG_WARN_COMMA = YES;
				CLANG_WARN_CONSTANT_CONVERSION = YES;
				CLANG_WARN_DEPRECATED_OBJC_IMPLEMENTATIONS = YES;
				CLANG_WARN_DIRECT_OBJC_ISA_USAGE = YES_ERROR;
				CLANG_WARN_DOCUMENTATION_COMMENTS = YES;
				CLANG_WARN_EMPTY_BODY = YES;
				CLANG_WARN_ENUM_CONVERSION = YES;
				CLANG_WARN_INFINITE_RECURSION = YES;
				CLANG_WARN_INT_CONVERSION = YES;
				CLANG_WARN_NON_LITERAL_NULL_CONVERSION = YES;
				CLANG_WARN_OBJC_IMPLICIT_RETAIN_SELF = YES;
				CLANG_WARN_OBJC_LITERAL_CONVERSION = YES;
				CLANG_WARN_OBJC_ROOT_CLASS = YES_ERROR;
				CLANG_WARN_QUOTED_INCLUDE_IN_FRAMEWORK_HEADER = YES;
				CLANG_WARN_RANGE_LOOP_ANALYSIS = YES;
				CLANG_WARN_STRICT_PROTOTYPES = YES;
				CLANG_WARN_SUSPICIOUS_MOVE = YES;
				CLANG_WARN_UNGUARDED_AVAILABILITY = YES_AGGRESSIVE;
				CLANG_WARN_UNREACHABLE_CODE = YES;
				CLANG_WARN__DUPLICATE_METHOD_MATCH = YES;
				COPY_PHASE_STRIP = NO;
				DEBUG_INFORMATION_FORMAT = "dwarf-with-dsym";
				ENABLE_NS_ASSERTIONS = NO;
				ENABLE_STRICT_OBJC_MSGSEND = YES;
				GCC_C_LANGUAGE_STANDARD = gnu11;
				GCC_NO_COMMON_BLOCKS = YES;
				GCC_WARN_64_TO_32_BIT_CONVERSION = YES;
				GCC_WARN_ABOUT_RETURN_TYPE = YES_ERROR;
				GCC_WARN_UNDECLARED_SELECTOR = YES;
				GCC_WARN_UNINITIALIZED_AUTOS = YES_AGGRESSIVE;
				GCC_WARN_UNUSED_FUNCTION = YES;
				GCC_WARN_UNUSED_VARIABLE = YES;
				IPHONEOS_DEPLOYMENT_TARGET = 16.4;
				MTL_ENABLE_DEBUG_INFO = NO;
				MTL_FAST_MATH = YES;
				SDKROOT = iphoneos;
				SWIFT_COMPILATION_MODE = wholemodule;
				SWIFT_OPTIMIZATION_LEVEL = "-O";
				VALIDATE_PRODUCT = YES;
			};
			name = Release;
		};
		871CF6362A651AB400B5EE4B /* Debug */ = {
			isa = XCBuildConfiguration;
			buildSettings = {
				ASSETCATALOG_COMPILER_APPICON_NAME = AppIcon;
				ASSETCATALOG_COMPILER_GLOBAL_ACCENT_COLOR_NAME = AccentColor;
				CODE_SIGN_STYLE = Automatic;
				CURRENT_PROJECT_VERSION = 1;
				DEVELOPMENT_TEAM = A3ZD8QD55M;
				GENERATE_INFOPLIST_FILE = YES;
				INFOPLIST_FILE = Buggy/Info.plist;
				INFOPLIST_KEY_UIApplicationSupportsIndirectInputEvents = YES;
				INFOPLIST_KEY_UILaunchStoryboardName = LaunchScreen;
				INFOPLIST_KEY_UIMainStoryboardFile = Main;
				INFOPLIST_KEY_UISupportedInterfaceOrientations_iPad = "UIInterfaceOrientationPortrait UIInterfaceOrientationPortraitUpsideDown UIInterfaceOrientationLandscapeLeft UIInterfaceOrientationLandscapeRight";
				INFOPLIST_KEY_UISupportedInterfaceOrientations_iPhone = "UIInterfaceOrientationPortrait UIInterfaceOrientationLandscapeLeft UIInterfaceOrientationLandscapeRight";
				LD_RUNPATH_SEARCH_PATHS = (
					"$(inherited)",
					"@executable_path/Frameworks",
				);
				MARKETING_VERSION = 1.0;
				PRODUCT_BUNDLE_IDENTIFIER = com.raulbanut.Buggy;
				PRODUCT_NAME = "$(TARGET_NAME)";
				SWIFT_EMIT_LOC_STRINGS = YES;
				SWIFT_VERSION = 5.0;
				TARGETED_DEVICE_FAMILY = "1,2";
			};
			name = Debug;
		};
		871CF6372A651AB400B5EE4B /* Release */ = {
			isa = XCBuildConfiguration;
			buildSettings = {
				ASSETCATALOG_COMPILER_APPICON_NAME = AppIcon;
				ASSETCATALOG_COMPILER_GLOBAL_ACCENT_COLOR_NAME = AccentColor;
				CODE_SIGN_STYLE = Automatic;
				CURRENT_PROJECT_VERSION = 1;
				DEVELOPMENT_TEAM = A3ZD8QD55M;
				GENERATE_INFOPLIST_FILE = YES;
				INFOPLIST_FILE = Buggy/Info.plist;
				INFOPLIST_KEY_UIApplicationSupportsIndirectInputEvents = YES;
				INFOPLIST_KEY_UILaunchStoryboardName = LaunchScreen;
				INFOPLIST_KEY_UIMainStoryboardFile = Main;
				INFOPLIST_KEY_UISupportedInterfaceOrientations_iPad = "UIInterfaceOrientationPortrait UIInterfaceOrientationPortraitUpsideDown UIInterfaceOrientationLandscapeLeft UIInterfaceOrientationLandscapeRight";
				INFOPLIST_KEY_UISupportedInterfaceOrientations_iPhone = "UIInterfaceOrientationPortrait UIInterfaceOrientationLandscapeLeft UIInterfaceOrientationLandscapeRight";
				LD_RUNPATH_SEARCH_PATHS = (
					"$(inherited)",
					"@executable_path/Frameworks",
				);
				MARKETING_VERSION = 1.0;
				PRODUCT_BUNDLE_IDENTIFIER = com.raulbanut.Buggy;
				PRODUCT_NAME = "$(TARGET_NAME)";
				SWIFT_EMIT_LOC_STRINGS = YES;
				SWIFT_VERSION = 5.0;
				TARGETED_DEVICE_FAMILY = "1,2";
			};
			name = Release;
		};
		871CF6392A651AB400B5EE4B /* Debug */ = {
			isa = XCBuildConfiguration;
			buildSettings = {
				ALWAYS_EMBED_SWIFT_STANDARD_LIBRARIES = YES;
				BUNDLE_LOADER = "$(TEST_HOST)";
				CODE_SIGN_STYLE = Automatic;
				CURRENT_PROJECT_VERSION = 1;
				DEVELOPMENT_TEAM = A3ZD8QD55M;
				GENERATE_INFOPLIST_FILE = YES;
				IPHONEOS_DEPLOYMENT_TARGET = 16.4;
				MARKETING_VERSION = 1.0;
				PRODUCT_BUNDLE_IDENTIFIER = com.raulbanut.BuggyTests;
				PRODUCT_NAME = "$(TARGET_NAME)";
				SWIFT_EMIT_LOC_STRINGS = NO;
				SWIFT_VERSION = 5.0;
				TARGETED_DEVICE_FAMILY = "1,2";
				TEST_HOST = "$(BUILT_PRODUCTS_DIR)/Buggy.app/$(BUNDLE_EXECUTABLE_FOLDER_PATH)/Buggy";
			};
			name = Debug;
		};
		871CF63A2A651AB400B5EE4B /* Release */ = {
			isa = XCBuildConfiguration;
			buildSettings = {
				ALWAYS_EMBED_SWIFT_STANDARD_LIBRARIES = YES;
				BUNDLE_LOADER = "$(TEST_HOST)";
				CODE_SIGN_STYLE = Automatic;
				CURRENT_PROJECT_VERSION = 1;
				DEVELOPMENT_TEAM = A3ZD8QD55M;
				GENERATE_INFOPLIST_FILE = YES;
				IPHONEOS_DEPLOYMENT_TARGET = 16.4;
				MARKETING_VERSION = 1.0;
				PRODUCT_BUNDLE_IDENTIFIER = com.raulbanut.BuggyTests;
				PRODUCT_NAME = "$(TARGET_NAME)";
				SWIFT_EMIT_LOC_STRINGS = NO;
				SWIFT_VERSION = 5.0;
				TARGETED_DEVICE_FAMILY = "1,2";
				TEST_HOST = "$(BUILT_PRODUCTS_DIR)/Buggy.app/$(BUNDLE_EXECUTABLE_FOLDER_PATH)/Buggy";
			};
			name = Release;
		};
		871CF63C2A651AB400B5EE4B /* Debug */ = {
			isa = XCBuildConfiguration;
			buildSettings = {
				ALWAYS_EMBED_SWIFT_STANDARD_LIBRARIES = YES;
				CODE_SIGN_STYLE = Automatic;
				CURRENT_PROJECT_VERSION = 1;
				DEVELOPMENT_TEAM = A3ZD8QD55M;
				GENERATE_INFOPLIST_FILE = YES;
				MARKETING_VERSION = 1.0;
				PRODUCT_BUNDLE_IDENTIFIER = com.raulbanut.BuggyUITests;
				PRODUCT_NAME = "$(TARGET_NAME)";
				SWIFT_EMIT_LOC_STRINGS = NO;
				SWIFT_VERSION = 5.0;
				TARGETED_DEVICE_FAMILY = "1,2";
				TEST_TARGET_NAME = Buggy;
			};
			name = Debug;
		};
		871CF63D2A651AB400B5EE4B /* Release */ = {
			isa = XCBuildConfiguration;
			buildSettings = {
				ALWAYS_EMBED_SWIFT_STANDARD_LIBRARIES = YES;
				CODE_SIGN_STYLE = Automatic;
				CURRENT_PROJECT_VERSION = 1;
				DEVELOPMENT_TEAM = A3ZD8QD55M;
				GENERATE_INFOPLIST_FILE = YES;
				MARKETING_VERSION = 1.0;
				PRODUCT_BUNDLE_IDENTIFIER = com.raulbanut.BuggyUITests;
				PRODUCT_NAME = "$(TARGET_NAME)";
				SWIFT_EMIT_LOC_STRINGS = NO;
				SWIFT_VERSION = 5.0;
				TARGETED_DEVICE_FAMILY = "1,2";
				TEST_TARGET_NAME = Buggy;
			};
			name = Release;
		};
/* End XCBuildConfiguration section */

/* Begin XCConfigurationList section */
		871CF6062A651AB300B5EE4B /* Build configuration list for PBXProject "Buggy" */ = {
			isa = XCConfigurationList;
			buildConfigurations = (
				871CF6332A651AB400B5EE4B /* Debug */,
				871CF6342A651AB400B5EE4B /* Release */,
			);
			defaultConfigurationIsVisible = 0;
			defaultConfigurationName = Release;
		};
		871CF6352A651AB400B5EE4B /* Build configuration list for PBXNativeTarget "Buggy" */ = {
			isa = XCConfigurationList;
			buildConfigurations = (
				871CF6362A651AB400B5EE4B /* Debug */,
				871CF6372A651AB400B5EE4B /* Release */,
			);
			defaultConfigurationIsVisible = 0;
			defaultConfigurationName = Release;
		};
		871CF6382A651AB400B5EE4B /* Build configuration list for PBXNativeTarget "BuggyTests" */ = {
			isa = XCConfigurationList;
			buildConfigurations = (
				871CF6392A651AB400B5EE4B /* Debug */,
				871CF63A2A651AB400B5EE4B /* Release */,
			);
			defaultConfigurationIsVisible = 0;
			defaultConfigurationName = Release;
		};
		871CF63B2A651AB400B5EE4B /* Build configuration list for PBXNativeTarget "BuggyUITests" */ = {
			isa = XCConfigurationList;
			buildConfigurations = (
				871CF63C2A651AB400B5EE4B /* Debug */,
				871CF63D2A651AB400B5EE4B /* Release */,
			);
			defaultConfigurationIsVisible = 0;
			defaultConfigurationName = Release;
		};
/* End XCConfigurationList section */
	};
	rootObject = 871CF6032A651AB300B5EE4B /* Project object */;
}
